
Microsoft Visual Studio Solution File, Format Version 12.00
# Visual Studio 14
VisualStudioVersion = 14.0.25420.1
MinimumVisualStudioVersion = 10.0.40219.1
Project("{FAE04EC0-301F-11D3-BF4B-00C04F79EFBC}") = "Vjezba 01", "Vjezba 01\Vjezba 01.csproj", "{8A12905C-773A-4289-AB2D-1E8C38AB4D3B}"
EndProject
Project("{FAE04EC0-301F-11D3-BF4B-00C04F79EFBC}") = "Vjezba 02", "Vjezba 02\Vjezba 02.csproj", "{44E8B3ED-3851-415C-B71E-0EADACBE9D4C}"
EndProject
Project("{FAE04EC0-301F-11D3-BF4B-00C04F79EFBC}") = "Vjezba 03", "Vjezba 03\Vjezba 03.csproj", "{61A107BC-38AE-462C-8C00-5A8FDC84FF22}"
EndProject
Project("{FAE04EC0-301F-11D3-BF4B-00C04F79EFBC}") = "Vjezba 04", "Vjezba 04\Vjezba 04.csproj", "{85AD2F56-9B89-4884-A664-C19BA1C43B1A}"
EndProject
Project("{FAE04EC0-301F-11D3-BF4B-00C04F79EFBC}") = "Vjezba 05", "Vjezba 05\Vjezba 05.csproj", "{A32266CF-12ED-425B-8BF4-41741DE6234A}"
EndProject
Project("{FAE04EC0-301F-11D3-BF4B-00C04F79EFBC}") = "Vjezba 06", "Vjezba 06\Vjezba 06.csproj", "{FBAB3881-8FC4-4071-9628-EB7E50A5589F}"
EndProject
Project("{FAE04EC0-301F-11D3-BF4B-00C04F79EFBC}") = "Vjezba 07", "Vjezba 07\Vjezba 07.csproj", "{F4ACDD02-2AC1-4D97-9D1C-C5C3B4D831D4}"
EndProject
Project("{FAE04EC0-301F-11D3-BF4B-00C04F79EFBC}") = "Vjezba 08", "Vjezba 08\Vjezba 08.csproj", "{E9DB619E-B0E8-4A30-8529-82B997835153}"
EndProject
Project("{FAE04EC0-301F-11D3-BF4B-00C04F79EFBC}") = "Vjezba 09", "Vjezba 09\Vjezba 09.csproj", "{FD13E827-962F-482D-873F-03D07A514222}"
EndProject
Project("{FAE04EC0-301F-11D3-BF4B-00C04F79EFBC}") = "Vjezba 10", "Vjezba 10\Vjezba 10.csproj", "{DF2D6BFA-424F-4C17-B979-232F4D04EEB3}"
EndProject
Global
	GlobalSection(SolutionConfigurationPlatforms) = preSolution
		Debug|Any CPU = Debug|Any CPU
		Release|Any CPU = Release|Any CPU
	EndGlobalSection
	GlobalSection(ProjectConfigurationPlatforms) = postSolution
		{8A12905C-773A-4289-AB2D-1E8C38AB4D3B}.Debug|Any CPU.ActiveCfg = Debug|Any CPU
		{8A12905C-773A-4289-AB2D-1E8C38AB4D3B}.Debug|Any CPU.Build.0 = Debug|Any CPU
		{8A12905C-773A-4289-AB2D-1E8C38AB4D3B}.Release|Any CPU.ActiveCfg = Release|Any CPU
		{8A12905C-773A-4289-AB2D-1E8C38AB4D3B}.Release|Any CPU.Build.0 = Release|Any CPU
		{44E8B3ED-3851-415C-B71E-0EADACBE9D4C}.Debug|Any CPU.ActiveCfg = Debug|Any CPU
		{44E8B3ED-3851-415C-B71E-0EADACBE9D4C}.Debug|Any CPU.Build.0 = Debug|Any CPU
		{44E8B3ED-3851-415C-B71E-0EADACBE9D4C}.Release|Any CPU.ActiveCfg = Release|Any CPU
		{44E8B3ED-3851-415C-B71E-0EADACBE9D4C}.Release|Any CPU.Build.0 = Release|Any CPU
		{61A107BC-38AE-462C-8C00-5A8FDC84FF22}.Debug|Any CPU.ActiveCfg = Debug|Any CPU
		{61A107BC-38AE-462C-8C00-5A8FDC84FF22}.Debug|Any CPU.Build.0 = Debug|Any CPU
		{61A107BC-38AE-462C-8C00-5A8FDC84FF22}.Release|Any CPU.ActiveCfg = Release|Any CPU
		{61A107BC-38AE-462C-8C00-5A8FDC84FF22}.Release|Any CPU.Build.0 = Release|Any CPU
		{85AD2F56-9B89-4884-A664-C19BA1C43B1A}.Debug|Any CPU.ActiveCfg = Debug|Any CPU
		{85AD2F56-9B89-4884-A664-C19BA1C43B1A}.Debug|Any CPU.Build.0 = Debug|Any CPU
		{85AD2F56-9B89-4884-A664-C19BA1C43B1A}.Release|Any CPU.ActiveCfg = Release|Any CPU
		{85AD2F56-9B89-4884-A664-C19BA1C43B1A}.Release|Any CPU.Build.0 = Release|Any CPU
		{A32266CF-12ED-425B-8BF4-41741DE6234A}.Debug|Any CPU.ActiveCfg = Debug|Any CPU
		{A32266CF-12ED-425B-8BF4-41741DE6234A}.Debug|Any CPU.Build.0 = Debug|Any CPU
		{A32266CF-12ED-425B-8BF4-41741DE6234A}.Release|Any CPU.ActiveCfg = Release|Any CPU
		{A32266CF-12ED-425B-8BF4-41741DE6234A}.Release|Any CPU.Build.0 = Release|Any CPU
		{FBAB3881-8FC4-4071-9628-EB7E50A5589F}.Debug|Any CPU.ActiveCfg = Debug|Any CPU
		{FBAB3881-8FC4-4071-9628-EB7E50A5589F}.Debug|Any CPU.Build.0 = Debug|Any CPU
		{FBAB3881-8FC4-4071-9628-EB7E50A5589F}.Release|Any CPU.ActiveCfg = Release|Any CPU
		{FBAB3881-8FC4-4071-9628-EB7E50A5589F}.Release|Any CPU.Build.0 = Release|Any CPU
		{F4ACDD02-2AC1-4D97-9D1C-C5C3B4D831D4}.Debug|Any CPU.ActiveCfg = Debug|Any CPU
		{F4ACDD02-2AC1-4D97-9D1C-C5C3B4D831D4}.Debug|Any CPU.Build.0 = Debug|Any CPU
		{F4ACDD02-2AC1-4D97-9D1C-C5C3B4D831D4}.Release|Any CPU.ActiveCfg = Release|Any CPU
		{F4ACDD02-2AC1-4D97-9D1C-C5C3B4D831D4}.Release|Any CPU.Build.0 = Release|Any CPU
		{E9DB619E-B0E8-4A30-8529-82B997835153}.Debug|Any CPU.ActiveCfg = Debug|Any CPU
		{E9DB619E-B0E8-4A30-8529-82B997835153}.Debug|Any CPU.Build.0 = Debug|Any CPU
		{E9DB619E-B0E8-4A30-8529-82B997835153}.Release|Any CPU.ActiveCfg = Release|Any CPU
		{E9DB619E-B0E8-4A30-8529-82B997835153}.Release|Any CPU.Build.0 = Release|Any CPU
		{FD13E827-962F-482D-873F-03D07A514222}.Debug|Any CPU.ActiveCfg = Debug|Any CPU
		{FD13E827-962F-482D-873F-03D07A514222}.Debug|Any CPU.Build.0 = Debug|Any CPU
		{FD13E827-962F-482D-873F-03D07A514222}.Release|Any CPU.ActiveCfg = Release|Any CPU
		{FD13E827-962F-482D-873F-03D07A514222}.Release|Any CPU.Build.0 = Release|Any CPU
		{DF2D6BFA-424F-4C17-B979-232F4D04EEB3}.Debug|Any CPU.ActiveCfg = Debug|Any CPU
		{DF2D6BFA-424F-4C17-B979-232F4D04EEB3}.Debug|Any CPU.Build.0 = Debug|Any CPU
		{DF2D6BFA-424F-4C17-B979-232F4D04EEB3}.Release|Any CPU.ActiveCfg = Release|Any CPU
		{DF2D6BFA-424F-4C17-B979-232F4D04EEB3}.Release|Any CPU.Build.0 = Release|Any CPU
	EndGlobalSection
	GlobalSection(SolutionProperties) = preSolution
		HideSolutionNode = FALSE
	EndGlobalSection
EndGlobal
