
Microsoft Visual Studio Solution File, Format Version 12.00
# Visual Studio 14
VisualStudioVersion = 14.0.25420.1
MinimumVisualStudioVersion = 10.0.40219.1
Project("{FAE04EC0-301F-11D3-BF4B-00C04F79EFBC}") = "Primjer 01", "Primjer 01\Primjer 01.csproj", "{4A481DB0-FB2B-4A5E-92EF-A84F468CB5F5}"
EndProject
Project("{FAE04EC0-301F-11D3-BF4B-00C04F79EFBC}") = "Primjer 02", "Primjer 02\Primjer 02.csproj", "{2F3C6BFC-1B6B-40B8-A277-949D52E3B03E}"
EndProject
Project("{FAE04EC0-301F-11D3-BF4B-00C04F79EFBC}") = "Primjer 03", "Primjer 03\Primjer 03.csproj", "{8B2E787D-A8B3-4F88-83F9-C0CA8A5DFA34}"
EndProject
Project("{FAE04EC0-301F-11D3-BF4B-00C04F79EFBC}") = "Primjer 04", "Primjer 04\Primjer 04.csproj", "{301E3FE1-3F87-468F-A0CE-8C4B057D1172}"
EndProject
Global
	GlobalSection(SolutionConfigurationPlatforms) = preSolution
		Debug|Any CPU = Debug|Any CPU
		Release|Any CPU = Release|Any CPU
	EndGlobalSection
	GlobalSection(ProjectConfigurationPlatforms) = postSolution
		{4A481DB0-FB2B-4A5E-92EF-A84F468CB5F5}.Debug|Any CPU.ActiveCfg = Debug|Any CPU
		{4A481DB0-FB2B-4A5E-92EF-A84F468CB5F5}.Debug|Any CPU.Build.0 = Debug|Any CPU
		{4A481DB0-FB2B-4A5E-92EF-A84F468CB5F5}.Release|Any CPU.ActiveCfg = Release|Any CPU
		{4A481DB0-FB2B-4A5E-92EF-A84F468CB5F5}.Release|Any CPU.Build.0 = Release|Any CPU
		{2F3C6BFC-1B6B-40B8-A277-949D52E3B03E}.Debug|Any CPU.ActiveCfg = Debug|Any CPU
		{2F3C6BFC-1B6B-40B8-A277-949D52E3B03E}.Debug|Any CPU.Build.0 = Debug|Any CPU
		{2F3C6BFC-1B6B-40B8-A277-949D52E3B03E}.Release|Any CPU.ActiveCfg = Release|Any CPU
		{2F3C6BFC-1B6B-40B8-A277-949D52E3B03E}.Release|Any CPU.Build.0 = Release|Any CPU
		{8B2E787D-A8B3-4F88-83F9-C0CA8A5DFA34}.Debug|Any CPU.ActiveCfg = Debug|Any CPU
		{8B2E787D-A8B3-4F88-83F9-C0CA8A5DFA34}.Debug|Any CPU.Build.0 = Debug|Any CPU
		{8B2E787D-A8B3-4F88-83F9-C0CA8A5DFA34}.Release|Any CPU.ActiveCfg = Release|Any CPU
		{8B2E787D-A8B3-4F88-83F9-C0CA8A5DFA34}.Release|Any CPU.Build.0 = Release|Any CPU
		{301E3FE1-3F87-468F-A0CE-8C4B057D1172}.Debug|Any CPU.ActiveCfg = Debug|Any CPU
		{301E3FE1-3F87-468F-A0CE-8C4B057D1172}.Debug|Any CPU.Build.0 = Debug|Any CPU
		{301E3FE1-3F87-468F-A0CE-8C4B057D1172}.Release|Any CPU.ActiveCfg = Release|Any CPU
		{301E3FE1-3F87-468F-A0CE-8C4B057D1172}.Release|Any CPU.Build.0 = Release|Any CPU
	EndGlobalSection
	GlobalSection(SolutionProperties) = preSolution
		HideSolutionNode = FALSE
	EndGlobalSection
EndGlobal
