
Microsoft Visual Studio Solution File, Format Version 12.00
# Visual Studio 14
VisualStudioVersion = 14.0.25420.1
MinimumVisualStudioVersion = 10.0.40219.1
Project("{FAE04EC0-301F-11D3-BF4B-00C04F79EFBC}") = "Access", "Access\Access.csproj", "{085AECBF-F437-4E94-A0B9-77B0000E5746}"
EndProject
Project("{FAE04EC0-301F-11D3-BF4B-00C04F79EFBC}") = "Audio", "Audio\Audio.csproj", "{CD7679A2-6265-491E-94A5-269F1E494F33}"
EndProject
Global
	GlobalSection(SolutionConfigurationPlatforms) = preSolution
		Debug|Any CPU = Debug|Any CPU
		Release|Any CPU = Release|Any CPU
	EndGlobalSection
	GlobalSection(ProjectConfigurationPlatforms) = postSolution
		{085AECBF-F437-4E94-A0B9-77B0000E5746}.Debug|Any CPU.ActiveCfg = Debug|Any CPU
		{085AECBF-F437-4E94-A0B9-77B0000E5746}.Debug|Any CPU.Build.0 = Debug|Any CPU
		{085AECBF-F437-4E94-A0B9-77B0000E5746}.Release|Any CPU.ActiveCfg = Release|Any CPU
		{085AECBF-F437-4E94-A0B9-77B0000E5746}.Release|Any CPU.Build.0 = Release|Any CPU
		{CD7679A2-6265-491E-94A5-269F1E494F33}.Debug|Any CPU.ActiveCfg = Debug|Any CPU
		{CD7679A2-6265-491E-94A5-269F1E494F33}.Debug|Any CPU.Build.0 = Debug|Any CPU
		{CD7679A2-6265-491E-94A5-269F1E494F33}.Release|Any CPU.ActiveCfg = Release|Any CPU
		{CD7679A2-6265-491E-94A5-269F1E494F33}.Release|Any CPU.Build.0 = Release|Any CPU
	EndGlobalSection
	GlobalSection(SolutionProperties) = preSolution
		HideSolutionNode = FALSE
	EndGlobalSection
EndGlobal
