
Microsoft Visual Studio Solution File, Format Version 12.00
# Visual Studio 14
VisualStudioVersion = 14.0.25420.1
MinimumVisualStudioVersion = 10.0.40219.1
Project("{FAE04EC0-301F-11D3-BF4B-00C04F79EFBC}") = "Primjer 01", "Primjer 01\Primjer 01.csproj", "{9E377E8E-C2B9-40ED-BE6E-AB0F7AFE2EDC}"
EndProject
Project("{FAE04EC0-301F-11D3-BF4B-00C04F79EFBC}") = "Primjer 02", "Primjer 02\Primjer 02.csproj", "{78E9E92D-3A8C-4E30-B786-B55FEE6FB098}"
EndProject
Project("{FAE04EC0-301F-11D3-BF4B-00C04F79EFBC}") = "Primjer 03", "Primjer 03\Primjer 03.csproj", "{4CFA255F-8770-4C57-8919-8CFE47CAB3F6}"
EndProject
Project("{FAE04EC0-301F-11D3-BF4B-00C04F79EFBC}") = "Primjer 04", "Primjer 04\Primjer 04.csproj", "{4D313B59-E5E4-4C0E-AB86-0F5120E04DCB}"
EndProject
Project("{FAE04EC0-301F-11D3-BF4B-00C04F79EFBC}") = "Primjer 05", "Primjer 05\Primjer 05.csproj", "{82288395-5E6D-4338-8990-CA0A99D7CA98}"
EndProject
Project("{FAE04EC0-301F-11D3-BF4B-00C04F79EFBC}") = "Primjer 06", "Primjer 06\Primjer 06.csproj", "{2DCB3A5C-4D32-4A2E-A3A5-9D4B3BAD325D}"
EndProject
Project("{FAE04EC0-301F-11D3-BF4B-00C04F79EFBC}") = "Primjer 07", "Primjer 07\Primjer 07.csproj", "{DAEC556D-BBE7-4706-AF6D-747947B78A69}"
EndProject
Project("{FAE04EC0-301F-11D3-BF4B-00C04F79EFBC}") = "Primjer 08", "Primjer 08\Primjer 08.csproj", "{5A47E320-183E-45DA-8F85-499D792AEE13}"
EndProject
Project("{FAE04EC0-301F-11D3-BF4B-00C04F79EFBC}") = "Primjer 09", "Primjer 09\Primjer 09.csproj", "{B3DF7DAE-FC4B-4666-850A-B8FFBA9DFBF2}"
EndProject
Project("{FAE04EC0-301F-11D3-BF4B-00C04F79EFBC}") = "Primjer 10", "Primjer 10\Primjer 10.csproj", "{A14B90E1-3DD0-42C1-A868-B089CC12D514}"
EndProject
Project("{FAE04EC0-301F-11D3-BF4B-00C04F79EFBC}") = "Primjer 11", "Primjer 11\Primjer 11.csproj", "{F92CDE0C-5BB1-4949-861B-626AA341A19C}"
EndProject
Global
	GlobalSection(SolutionConfigurationPlatforms) = preSolution
		Debug|Any CPU = Debug|Any CPU
		Release|Any CPU = Release|Any CPU
	EndGlobalSection
	GlobalSection(ProjectConfigurationPlatforms) = postSolution
		{9E377E8E-C2B9-40ED-BE6E-AB0F7AFE2EDC}.Debug|Any CPU.ActiveCfg = Debug|Any CPU
		{9E377E8E-C2B9-40ED-BE6E-AB0F7AFE2EDC}.Debug|Any CPU.Build.0 = Debug|Any CPU
		{9E377E8E-C2B9-40ED-BE6E-AB0F7AFE2EDC}.Release|Any CPU.ActiveCfg = Release|Any CPU
		{9E377E8E-C2B9-40ED-BE6E-AB0F7AFE2EDC}.Release|Any CPU.Build.0 = Release|Any CPU
		{78E9E92D-3A8C-4E30-B786-B55FEE6FB098}.Debug|Any CPU.ActiveCfg = Debug|Any CPU
		{78E9E92D-3A8C-4E30-B786-B55FEE6FB098}.Debug|Any CPU.Build.0 = Debug|Any CPU
		{78E9E92D-3A8C-4E30-B786-B55FEE6FB098}.Release|Any CPU.ActiveCfg = Release|Any CPU
		{78E9E92D-3A8C-4E30-B786-B55FEE6FB098}.Release|Any CPU.Build.0 = Release|Any CPU
		{4CFA255F-8770-4C57-8919-8CFE47CAB3F6}.Debug|Any CPU.ActiveCfg = Debug|Any CPU
		{4CFA255F-8770-4C57-8919-8CFE47CAB3F6}.Debug|Any CPU.Build.0 = Debug|Any CPU
		{4CFA255F-8770-4C57-8919-8CFE47CAB3F6}.Release|Any CPU.ActiveCfg = Release|Any CPU
		{4CFA255F-8770-4C57-8919-8CFE47CAB3F6}.Release|Any CPU.Build.0 = Release|Any CPU
		{4D313B59-E5E4-4C0E-AB86-0F5120E04DCB}.Debug|Any CPU.ActiveCfg = Debug|Any CPU
		{4D313B59-E5E4-4C0E-AB86-0F5120E04DCB}.Debug|Any CPU.Build.0 = Debug|Any CPU
		{4D313B59-E5E4-4C0E-AB86-0F5120E04DCB}.Release|Any CPU.ActiveCfg = Release|Any CPU
		{4D313B59-E5E4-4C0E-AB86-0F5120E04DCB}.Release|Any CPU.Build.0 = Release|Any CPU
		{82288395-5E6D-4338-8990-CA0A99D7CA98}.Debug|Any CPU.ActiveCfg = Debug|Any CPU
		{82288395-5E6D-4338-8990-CA0A99D7CA98}.Debug|Any CPU.Build.0 = Debug|Any CPU
		{82288395-5E6D-4338-8990-CA0A99D7CA98}.Release|Any CPU.ActiveCfg = Release|Any CPU
		{82288395-5E6D-4338-8990-CA0A99D7CA98}.Release|Any CPU.Build.0 = Release|Any CPU
		{2DCB3A5C-4D32-4A2E-A3A5-9D4B3BAD325D}.Debug|Any CPU.ActiveCfg = Debug|Any CPU
		{2DCB3A5C-4D32-4A2E-A3A5-9D4B3BAD325D}.Debug|Any CPU.Build.0 = Debug|Any CPU
		{2DCB3A5C-4D32-4A2E-A3A5-9D4B3BAD325D}.Release|Any CPU.ActiveCfg = Release|Any CPU
		{2DCB3A5C-4D32-4A2E-A3A5-9D4B3BAD325D}.Release|Any CPU.Build.0 = Release|Any CPU
		{DAEC556D-BBE7-4706-AF6D-747947B78A69}.Debug|Any CPU.ActiveCfg = Debug|Any CPU
		{DAEC556D-BBE7-4706-AF6D-747947B78A69}.Debug|Any CPU.Build.0 = Debug|Any CPU
		{DAEC556D-BBE7-4706-AF6D-747947B78A69}.Release|Any CPU.ActiveCfg = Release|Any CPU
		{DAEC556D-BBE7-4706-AF6D-747947B78A69}.Release|Any CPU.Build.0 = Release|Any CPU
		{5A47E320-183E-45DA-8F85-499D792AEE13}.Debug|Any CPU.ActiveCfg = Debug|Any CPU
		{5A47E320-183E-45DA-8F85-499D792AEE13}.Debug|Any CPU.Build.0 = Debug|Any CPU
		{5A47E320-183E-45DA-8F85-499D792AEE13}.Release|Any CPU.ActiveCfg = Release|Any CPU
		{5A47E320-183E-45DA-8F85-499D792AEE13}.Release|Any CPU.Build.0 = Release|Any CPU
		{B3DF7DAE-FC4B-4666-850A-B8FFBA9DFBF2}.Debug|Any CPU.ActiveCfg = Debug|Any CPU
		{B3DF7DAE-FC4B-4666-850A-B8FFBA9DFBF2}.Debug|Any CPU.Build.0 = Debug|Any CPU
		{B3DF7DAE-FC4B-4666-850A-B8FFBA9DFBF2}.Release|Any CPU.ActiveCfg = Release|Any CPU
		{B3DF7DAE-FC4B-4666-850A-B8FFBA9DFBF2}.Release|Any CPU.Build.0 = Release|Any CPU
		{A14B90E1-3DD0-42C1-A868-B089CC12D514}.Debug|Any CPU.ActiveCfg = Debug|Any CPU
		{A14B90E1-3DD0-42C1-A868-B089CC12D514}.Debug|Any CPU.Build.0 = Debug|Any CPU
		{A14B90E1-3DD0-42C1-A868-B089CC12D514}.Release|Any CPU.ActiveCfg = Release|Any CPU
		{A14B90E1-3DD0-42C1-A868-B089CC12D514}.Release|Any CPU.Build.0 = Release|Any CPU
		{F92CDE0C-5BB1-4949-861B-626AA341A19C}.Debug|Any CPU.ActiveCfg = Debug|Any CPU
		{F92CDE0C-5BB1-4949-861B-626AA341A19C}.Debug|Any CPU.Build.0 = Debug|Any CPU
		{F92CDE0C-5BB1-4949-861B-626AA341A19C}.Release|Any CPU.ActiveCfg = Release|Any CPU
		{F92CDE0C-5BB1-4949-861B-626AA341A19C}.Release|Any CPU.Build.0 = Release|Any CPU
	EndGlobalSection
	GlobalSection(SolutionProperties) = preSolution
		HideSolutionNode = FALSE
	EndGlobalSection
EndGlobal
