
Microsoft Visual Studio Solution File, Format Version 12.00
# Visual Studio 14
VisualStudioVersion = 14.0.25420.1
MinimumVisualStudioVersion = 10.0.40219.1
Project("{FAE04EC0-301F-11D3-BF4B-00C04F79EFBC}") = "Primjer01", "Primjer01\Primjer01.csproj", "{61AD183D-E2DB-4621-A16B-052DD3093471}"
EndProject
Project("{FAE04EC0-301F-11D3-BF4B-00C04F79EFBC}") = "Primjer02", "Primjer02\Primjer02.csproj", "{BB1F4396-E558-49B6-B8A5-DB70D0FAB1A5}"
EndProject
Project("{FAE04EC0-301F-11D3-BF4B-00C04F79EFBC}") = "Primjer03", "Primjer03\Primjer03.csproj", "{421479E4-4141-4C59-8B17-88945C524CB3}"
EndProject
Project("{FAE04EC0-301F-11D3-BF4B-00C04F79EFBC}") = "Primjer04", "Primjer04\Primjer04.csproj", "{D396B300-2970-41EC-85B0-226074990A14}"
EndProject
Project("{FAE04EC0-301F-11D3-BF4B-00C04F79EFBC}") = "Primjer05", "Primjer05\Primjer05.csproj", "{2B6842FB-5BED-4EDB-AA05-F65955543B12}"
EndProject
Project("{FAE04EC0-301F-11D3-BF4B-00C04F79EFBC}") = "Primjer06", "Primjer06\Primjer06.csproj", "{7AF52264-B9AA-494E-9122-61E5847DA02A}"
EndProject
Project("{FAE04EC0-301F-11D3-BF4B-00C04F79EFBC}") = "Primjer07", "Primjer07\Primjer07.csproj", "{38B5589F-CFB2-4125-9130-E5D7E8B77A2E}"
EndProject
Project("{FAE04EC0-301F-11D3-BF4B-00C04F79EFBC}") = "Primjer08", "Primjer08\Primjer08.csproj", "{6C153ED4-3E0E-4CE4-9B0A-1DB84C20C82E}"
EndProject
Project("{FAE04EC0-301F-11D3-BF4B-00C04F79EFBC}") = "Primjer09", "Primjer09\Primjer09.csproj", "{F514C000-A580-4855-A7AA-937C42AAF1A5}"
EndProject
Project("{FAE04EC0-301F-11D3-BF4B-00C04F79EFBC}") = "Primjer10", "Primjer10\Primjer10.csproj", "{B2E25009-CAE7-44DD-9DF5-6A2EA3199F3F}"
EndProject
Project("{FAE04EC0-301F-11D3-BF4B-00C04F79EFBC}") = "Primjer11", "Primjer11\Primjer11.csproj", "{6D47E148-6028-4523-AF7A-D4B9CE92406E}"
EndProject
Project("{FAE04EC0-301F-11D3-BF4B-00C04F79EFBC}") = "Primjer12", "Primjer12\Primjer12.csproj", "{5303E761-1B89-411A-A48D-5BE6EC6AEC05}"
EndProject
Project("{FAE04EC0-301F-11D3-BF4B-00C04F79EFBC}") = "Primjer13", "Primjer13\Primjer13.csproj", "{450A061D-9012-4711-9780-A5F83FBFF8C8}"
EndProject
Project("{FAE04EC0-301F-11D3-BF4B-00C04F79EFBC}") = "Primjer14", "Primjer14\Primjer14.csproj", "{E4D0C603-3DCC-4FC5-8F0C-CF7C62F2905C}"
EndProject
Project("{FAE04EC0-301F-11D3-BF4B-00C04F79EFBC}") = "Primjer15", "Primjer15\Primjer15.csproj", "{D3B73CED-5729-47E7-96C8-8342E775BD97}"
EndProject
Project("{FAE04EC0-301F-11D3-BF4B-00C04F79EFBC}") = "Primjer16", "Primjer16\Primjer16.csproj", "{478C02A0-6F27-4EF1-8A49-94FA9C95A5EE}"
EndProject
Project("{FAE04EC0-301F-11D3-BF4B-00C04F79EFBC}") = "Primjer17", "Primjer17\Primjer17.csproj", "{F5203CF3-9A3B-45AB-8500-706D07AF6DA0}"
EndProject
Project("{FAE04EC0-301F-11D3-BF4B-00C04F79EFBC}") = "Primjer18", "Primjer18\Primjer18.csproj", "{F0822B9D-A5F8-4586-B185-35A8D9396933}"
EndProject
Project("{FAE04EC0-301F-11D3-BF4B-00C04F79EFBC}") = "Primjer19", "Primjer19\Primjer19.csproj", "{8908366A-02E9-4745-AC3E-841270F1212C}"
EndProject
Project("{FAE04EC0-301F-11D3-BF4B-00C04F79EFBC}") = "Primjer20", "Primjer20\Primjer20.csproj", "{7A67DFDD-B327-4150-A24C-94E8C1CB4DFF}"
EndProject
Project("{FAE04EC0-301F-11D3-BF4B-00C04F79EFBC}") = "Primjer21", "Primjer21\Primjer21.csproj", "{4569D57A-1B71-4DF9-A45D-4D8C7DC73D67}"
EndProject
Project("{FAE04EC0-301F-11D3-BF4B-00C04F79EFBC}") = "Primjer22", "Primjer22\Primjer22.csproj", "{C7F0B0BC-5D34-4353-A505-4076D77C074D}"
EndProject
Project("{FAE04EC0-301F-11D3-BF4B-00C04F79EFBC}") = "Primjer23", "Primjer23\Primjer23.csproj", "{B67124FC-FFF5-49E0-9762-C2EB745272C7}"
EndProject
Project("{FAE04EC0-301F-11D3-BF4B-00C04F79EFBC}") = "Primjer24", "Primjer24\Primjer24.csproj", "{CB79D2D1-BBF6-44C0-8E55-34945698C145}"
EndProject
Project("{FAE04EC0-301F-11D3-BF4B-00C04F79EFBC}") = "Primjer25", "Primjer25\Primjer25.csproj", "{6BE9BAD2-A890-4F0E-92E4-3A7A00F875CD}"
EndProject
Global
	GlobalSection(SolutionConfigurationPlatforms) = preSolution
		Debug|Any CPU = Debug|Any CPU
		Release|Any CPU = Release|Any CPU
	EndGlobalSection
	GlobalSection(ProjectConfigurationPlatforms) = postSolution
		{61AD183D-E2DB-4621-A16B-052DD3093471}.Debug|Any CPU.ActiveCfg = Debug|Any CPU
		{61AD183D-E2DB-4621-A16B-052DD3093471}.Debug|Any CPU.Build.0 = Debug|Any CPU
		{61AD183D-E2DB-4621-A16B-052DD3093471}.Release|Any CPU.ActiveCfg = Release|Any CPU
		{61AD183D-E2DB-4621-A16B-052DD3093471}.Release|Any CPU.Build.0 = Release|Any CPU
		{BB1F4396-E558-49B6-B8A5-DB70D0FAB1A5}.Debug|Any CPU.ActiveCfg = Debug|Any CPU
		{BB1F4396-E558-49B6-B8A5-DB70D0FAB1A5}.Debug|Any CPU.Build.0 = Debug|Any CPU
		{BB1F4396-E558-49B6-B8A5-DB70D0FAB1A5}.Release|Any CPU.ActiveCfg = Release|Any CPU
		{BB1F4396-E558-49B6-B8A5-DB70D0FAB1A5}.Release|Any CPU.Build.0 = Release|Any CPU
		{421479E4-4141-4C59-8B17-88945C524CB3}.Debug|Any CPU.ActiveCfg = Debug|Any CPU
		{421479E4-4141-4C59-8B17-88945C524CB3}.Debug|Any CPU.Build.0 = Debug|Any CPU
		{421479E4-4141-4C59-8B17-88945C524CB3}.Release|Any CPU.ActiveCfg = Release|Any CPU
		{421479E4-4141-4C59-8B17-88945C524CB3}.Release|Any CPU.Build.0 = Release|Any CPU
		{D396B300-2970-41EC-85B0-226074990A14}.Debug|Any CPU.ActiveCfg = Debug|Any CPU
		{D396B300-2970-41EC-85B0-226074990A14}.Debug|Any CPU.Build.0 = Debug|Any CPU
		{D396B300-2970-41EC-85B0-226074990A14}.Release|Any CPU.ActiveCfg = Release|Any CPU
		{D396B300-2970-41EC-85B0-226074990A14}.Release|Any CPU.Build.0 = Release|Any CPU
		{2B6842FB-5BED-4EDB-AA05-F65955543B12}.Debug|Any CPU.ActiveCfg = Debug|Any CPU
		{2B6842FB-5BED-4EDB-AA05-F65955543B12}.Debug|Any CPU.Build.0 = Debug|Any CPU
		{2B6842FB-5BED-4EDB-AA05-F65955543B12}.Release|Any CPU.ActiveCfg = Release|Any CPU
		{2B6842FB-5BED-4EDB-AA05-F65955543B12}.Release|Any CPU.Build.0 = Release|Any CPU
		{7AF52264-B9AA-494E-9122-61E5847DA02A}.Debug|Any CPU.ActiveCfg = Debug|Any CPU
		{7AF52264-B9AA-494E-9122-61E5847DA02A}.Debug|Any CPU.Build.0 = Debug|Any CPU
		{7AF52264-B9AA-494E-9122-61E5847DA02A}.Release|Any CPU.ActiveCfg = Release|Any CPU
		{7AF52264-B9AA-494E-9122-61E5847DA02A}.Release|Any CPU.Build.0 = Release|Any CPU
		{38B5589F-CFB2-4125-9130-E5D7E8B77A2E}.Debug|Any CPU.ActiveCfg = Debug|Any CPU
		{38B5589F-CFB2-4125-9130-E5D7E8B77A2E}.Debug|Any CPU.Build.0 = Debug|Any CPU
		{38B5589F-CFB2-4125-9130-E5D7E8B77A2E}.Release|Any CPU.ActiveCfg = Release|Any CPU
		{38B5589F-CFB2-4125-9130-E5D7E8B77A2E}.Release|Any CPU.Build.0 = Release|Any CPU
		{6C153ED4-3E0E-4CE4-9B0A-1DB84C20C82E}.Debug|Any CPU.ActiveCfg = Debug|Any CPU
		{6C153ED4-3E0E-4CE4-9B0A-1DB84C20C82E}.Debug|Any CPU.Build.0 = Debug|Any CPU
		{6C153ED4-3E0E-4CE4-9B0A-1DB84C20C82E}.Release|Any CPU.ActiveCfg = Release|Any CPU
		{6C153ED4-3E0E-4CE4-9B0A-1DB84C20C82E}.Release|Any CPU.Build.0 = Release|Any CPU
		{F514C000-A580-4855-A7AA-937C42AAF1A5}.Debug|Any CPU.ActiveCfg = Debug|Any CPU
		{F514C000-A580-4855-A7AA-937C42AAF1A5}.Debug|Any CPU.Build.0 = Debug|Any CPU
		{F514C000-A580-4855-A7AA-937C42AAF1A5}.Release|Any CPU.ActiveCfg = Release|Any CPU
		{F514C000-A580-4855-A7AA-937C42AAF1A5}.Release|Any CPU.Build.0 = Release|Any CPU
		{B2E25009-CAE7-44DD-9DF5-6A2EA3199F3F}.Debug|Any CPU.ActiveCfg = Debug|Any CPU
		{B2E25009-CAE7-44DD-9DF5-6A2EA3199F3F}.Debug|Any CPU.Build.0 = Debug|Any CPU
		{B2E25009-CAE7-44DD-9DF5-6A2EA3199F3F}.Release|Any CPU.ActiveCfg = Release|Any CPU
		{B2E25009-CAE7-44DD-9DF5-6A2EA3199F3F}.Release|Any CPU.Build.0 = Release|Any CPU
		{6D47E148-6028-4523-AF7A-D4B9CE92406E}.Debug|Any CPU.ActiveCfg = Debug|Any CPU
		{6D47E148-6028-4523-AF7A-D4B9CE92406E}.Debug|Any CPU.Build.0 = Debug|Any CPU
		{6D47E148-6028-4523-AF7A-D4B9CE92406E}.Release|Any CPU.ActiveCfg = Release|Any CPU
		{6D47E148-6028-4523-AF7A-D4B9CE92406E}.Release|Any CPU.Build.0 = Release|Any CPU
		{5303E761-1B89-411A-A48D-5BE6EC6AEC05}.Debug|Any CPU.ActiveCfg = Debug|Any CPU
		{5303E761-1B89-411A-A48D-5BE6EC6AEC05}.Debug|Any CPU.Build.0 = Debug|Any CPU
		{5303E761-1B89-411A-A48D-5BE6EC6AEC05}.Release|Any CPU.ActiveCfg = Release|Any CPU
		{5303E761-1B89-411A-A48D-5BE6EC6AEC05}.Release|Any CPU.Build.0 = Release|Any CPU
		{450A061D-9012-4711-9780-A5F83FBFF8C8}.Debug|Any CPU.ActiveCfg = Debug|Any CPU
		{450A061D-9012-4711-9780-A5F83FBFF8C8}.Debug|Any CPU.Build.0 = Debug|Any CPU
		{450A061D-9012-4711-9780-A5F83FBFF8C8}.Release|Any CPU.ActiveCfg = Release|Any CPU
		{450A061D-9012-4711-9780-A5F83FBFF8C8}.Release|Any CPU.Build.0 = Release|Any CPU
		{E4D0C603-3DCC-4FC5-8F0C-CF7C62F2905C}.Debug|Any CPU.ActiveCfg = Debug|Any CPU
		{E4D0C603-3DCC-4FC5-8F0C-CF7C62F2905C}.Debug|Any CPU.Build.0 = Debug|Any CPU
		{E4D0C603-3DCC-4FC5-8F0C-CF7C62F2905C}.Release|Any CPU.ActiveCfg = Release|Any CPU
		{E4D0C603-3DCC-4FC5-8F0C-CF7C62F2905C}.Release|Any CPU.Build.0 = Release|Any CPU
		{D3B73CED-5729-47E7-96C8-8342E775BD97}.Debug|Any CPU.ActiveCfg = Debug|Any CPU
		{D3B73CED-5729-47E7-96C8-8342E775BD97}.Debug|Any CPU.Build.0 = Debug|Any CPU
		{D3B73CED-5729-47E7-96C8-8342E775BD97}.Release|Any CPU.ActiveCfg = Release|Any CPU
		{D3B73CED-5729-47E7-96C8-8342E775BD97}.Release|Any CPU.Build.0 = Release|Any CPU
		{478C02A0-6F27-4EF1-8A49-94FA9C95A5EE}.Debug|Any CPU.ActiveCfg = Debug|Any CPU
		{478C02A0-6F27-4EF1-8A49-94FA9C95A5EE}.Debug|Any CPU.Build.0 = Debug|Any CPU
		{478C02A0-6F27-4EF1-8A49-94FA9C95A5EE}.Release|Any CPU.ActiveCfg = Release|Any CPU
		{478C02A0-6F27-4EF1-8A49-94FA9C95A5EE}.Release|Any CPU.Build.0 = Release|Any CPU
		{F5203CF3-9A3B-45AB-8500-706D07AF6DA0}.Debug|Any CPU.ActiveCfg = Debug|Any CPU
		{F5203CF3-9A3B-45AB-8500-706D07AF6DA0}.Debug|Any CPU.Build.0 = Debug|Any CPU
		{F5203CF3-9A3B-45AB-8500-706D07AF6DA0}.Release|Any CPU.ActiveCfg = Release|Any CPU
		{F5203CF3-9A3B-45AB-8500-706D07AF6DA0}.Release|Any CPU.Build.0 = Release|Any CPU
		{F0822B9D-A5F8-4586-B185-35A8D9396933}.Debug|Any CPU.ActiveCfg = Debug|Any CPU
		{F0822B9D-A5F8-4586-B185-35A8D9396933}.Debug|Any CPU.Build.0 = Debug|Any CPU
		{F0822B9D-A5F8-4586-B185-35A8D9396933}.Release|Any CPU.ActiveCfg = Release|Any CPU
		{F0822B9D-A5F8-4586-B185-35A8D9396933}.Release|Any CPU.Build.0 = Release|Any CPU
		{8908366A-02E9-4745-AC3E-841270F1212C}.Debug|Any CPU.ActiveCfg = Debug|Any CPU
		{8908366A-02E9-4745-AC3E-841270F1212C}.Debug|Any CPU.Build.0 = Debug|Any CPU
		{8908366A-02E9-4745-AC3E-841270F1212C}.Release|Any CPU.ActiveCfg = Release|Any CPU
		{8908366A-02E9-4745-AC3E-841270F1212C}.Release|Any CPU.Build.0 = Release|Any CPU
		{7A67DFDD-B327-4150-A24C-94E8C1CB4DFF}.Debug|Any CPU.ActiveCfg = Debug|Any CPU
		{7A67DFDD-B327-4150-A24C-94E8C1CB4DFF}.Debug|Any CPU.Build.0 = Debug|Any CPU
		{7A67DFDD-B327-4150-A24C-94E8C1CB4DFF}.Release|Any CPU.ActiveCfg = Release|Any CPU
		{7A67DFDD-B327-4150-A24C-94E8C1CB4DFF}.Release|Any CPU.Build.0 = Release|Any CPU
		{4569D57A-1B71-4DF9-A45D-4D8C7DC73D67}.Debug|Any CPU.ActiveCfg = Debug|Any CPU
		{4569D57A-1B71-4DF9-A45D-4D8C7DC73D67}.Debug|Any CPU.Build.0 = Debug|Any CPU
		{4569D57A-1B71-4DF9-A45D-4D8C7DC73D67}.Release|Any CPU.ActiveCfg = Release|Any CPU
		{4569D57A-1B71-4DF9-A45D-4D8C7DC73D67}.Release|Any CPU.Build.0 = Release|Any CPU
		{C7F0B0BC-5D34-4353-A505-4076D77C074D}.Debug|Any CPU.ActiveCfg = Debug|Any CPU
		{C7F0B0BC-5D34-4353-A505-4076D77C074D}.Debug|Any CPU.Build.0 = Debug|Any CPU
		{C7F0B0BC-5D34-4353-A505-4076D77C074D}.Release|Any CPU.ActiveCfg = Release|Any CPU
		{C7F0B0BC-5D34-4353-A505-4076D77C074D}.Release|Any CPU.Build.0 = Release|Any CPU
		{B67124FC-FFF5-49E0-9762-C2EB745272C7}.Debug|Any CPU.ActiveCfg = Debug|Any CPU
		{B67124FC-FFF5-49E0-9762-C2EB745272C7}.Debug|Any CPU.Build.0 = Debug|Any CPU
		{B67124FC-FFF5-49E0-9762-C2EB745272C7}.Release|Any CPU.ActiveCfg = Release|Any CPU
		{B67124FC-FFF5-49E0-9762-C2EB745272C7}.Release|Any CPU.Build.0 = Release|Any CPU
		{CB79D2D1-BBF6-44C0-8E55-34945698C145}.Debug|Any CPU.ActiveCfg = Debug|Any CPU
		{CB79D2D1-BBF6-44C0-8E55-34945698C145}.Debug|Any CPU.Build.0 = Debug|Any CPU
		{CB79D2D1-BBF6-44C0-8E55-34945698C145}.Release|Any CPU.ActiveCfg = Release|Any CPU
		{CB79D2D1-BBF6-44C0-8E55-34945698C145}.Release|Any CPU.Build.0 = Release|Any CPU
		{6BE9BAD2-A890-4F0E-92E4-3A7A00F875CD}.Debug|Any CPU.ActiveCfg = Debug|Any CPU
		{6BE9BAD2-A890-4F0E-92E4-3A7A00F875CD}.Debug|Any CPU.Build.0 = Debug|Any CPU
		{6BE9BAD2-A890-4F0E-92E4-3A7A00F875CD}.Release|Any CPU.ActiveCfg = Release|Any CPU
		{6BE9BAD2-A890-4F0E-92E4-3A7A00F875CD}.Release|Any CPU.Build.0 = Release|Any CPU
	EndGlobalSection
	GlobalSection(SolutionProperties) = preSolution
		HideSolutionNode = FALSE
	EndGlobalSection
EndGlobal
