
Microsoft Visual Studio Solution File, Format Version 12.00
# Visual Studio 14
VisualStudioVersion = 14.0.25420.1
MinimumVisualStudioVersion = 10.0.40219.1
Project("{FAE04EC0-301F-11D3-BF4B-00C04F79EFBC}") = "Primjer01", "Primjer01\Primjer01.csproj", "{61AD183D-E2DB-4621-A16B-052DD3093471}"
EndProject
Project("{FAE04EC0-301F-11D3-BF4B-00C04F79EFBC}") = "Primjer02", "Primjer02\Primjer02.csproj", "{BB1F4396-E558-49B6-B8A5-DB70D0FAB1A5}"
EndProject
Project("{FAE04EC0-301F-11D3-BF4B-00C04F79EFBC}") = "Primjer03", "Primjer03\Primjer03.csproj", "{421479E4-4141-4C59-8B17-88945C524CB3}"
EndProject
Project("{FAE04EC0-301F-11D3-BF4B-00C04F79EFBC}") = "Primjer04", "Primjer04\Primjer04.csproj", "{D396B300-2970-41EC-85B0-226074990A14}"
EndProject
Project("{FAE04EC0-301F-11D3-BF4B-00C04F79EFBC}") = "Primjer05", "Primjer05\Primjer05.csproj", "{2B6842FB-5BED-4EDB-AA05-F65955543B12}"
EndProject
Project("{FAE04EC0-301F-11D3-BF4B-00C04F79EFBC}") = "Primjer06", "Primjer06\Primjer06.csproj", "{7AF52264-B9AA-494E-9122-61E5847DA02A}"
EndProject
Project("{FAE04EC0-301F-11D3-BF4B-00C04F79EFBC}") = "Primjer07", "Primjer07\Primjer07.csproj", "{38B5589F-CFB2-4125-9130-E5D7E8B77A2E}"
EndProject
Project("{FAE04EC0-301F-11D3-BF4B-00C04F79EFBC}") = "Primjer08", "Primjer08\Primjer08.csproj", "{6C153ED4-3E0E-4CE4-9B0A-1DB84C20C82E}"
EndProject
Project("{FAE04EC0-301F-11D3-BF4B-00C04F79EFBC}") = "Primjer09", "Primjer09\Primjer09.csproj", "{F514C000-A580-4855-A7AA-937C42AAF1A5}"
EndProject
Project("{FAE04EC0-301F-11D3-BF4B-00C04F79EFBC}") = "Primjer10", "Primjer10\Primjer10.csproj", "{B2E25009-CAE7-44DD-9DF5-6A2EA3199F3F}"
EndProject
Global
	GlobalSection(SolutionConfigurationPlatforms) = preSolution
		Debug|Any CPU = Debug|Any CPU
		Release|Any CPU = Release|Any CPU
	EndGlobalSection
	GlobalSection(ProjectConfigurationPlatforms) = postSolution
		{61AD183D-E2DB-4621-A16B-052DD3093471}.Debug|Any CPU.ActiveCfg = Debug|Any CPU
		{61AD183D-E2DB-4621-A16B-052DD3093471}.Debug|Any CPU.Build.0 = Debug|Any CPU
		{61AD183D-E2DB-4621-A16B-052DD3093471}.Release|Any CPU.ActiveCfg = Release|Any CPU
		{61AD183D-E2DB-4621-A16B-052DD3093471}.Release|Any CPU.Build.0 = Release|Any CPU
		{BB1F4396-E558-49B6-B8A5-DB70D0FAB1A5}.Debug|Any CPU.ActiveCfg = Debug|Any CPU
		{BB1F4396-E558-49B6-B8A5-DB70D0FAB1A5}.Debug|Any CPU.Build.0 = Debug|Any CPU
		{BB1F4396-E558-49B6-B8A5-DB70D0FAB1A5}.Release|Any CPU.ActiveCfg = Release|Any CPU
		{BB1F4396-E558-49B6-B8A5-DB70D0FAB1A5}.Release|Any CPU.Build.0 = Release|Any CPU
		{421479E4-4141-4C59-8B17-88945C524CB3}.Debug|Any CPU.ActiveCfg = Debug|Any CPU
		{421479E4-4141-4C59-8B17-88945C524CB3}.Debug|Any CPU.Build.0 = Debug|Any CPU
		{421479E4-4141-4C59-8B17-88945C524CB3}.Release|Any CPU.ActiveCfg = Release|Any CPU
		{421479E4-4141-4C59-8B17-88945C524CB3}.Release|Any CPU.Build.0 = Release|Any CPU
		{D396B300-2970-41EC-85B0-226074990A14}.Debug|Any CPU.ActiveCfg = Debug|Any CPU
		{D396B300-2970-41EC-85B0-226074990A14}.Debug|Any CPU.Build.0 = Debug|Any CPU
		{D396B300-2970-41EC-85B0-226074990A14}.Release|Any CPU.ActiveCfg = Release|Any CPU
		{D396B300-2970-41EC-85B0-226074990A14}.Release|Any CPU.Build.0 = Release|Any CPU
		{2B6842FB-5BED-4EDB-AA05-F65955543B12}.Debug|Any CPU.ActiveCfg = Debug|Any CPU
		{2B6842FB-5BED-4EDB-AA05-F65955543B12}.Debug|Any CPU.Build.0 = Debug|Any CPU
		{2B6842FB-5BED-4EDB-AA05-F65955543B12}.Release|Any CPU.ActiveCfg = Release|Any CPU
		{2B6842FB-5BED-4EDB-AA05-F65955543B12}.Release|Any CPU.Build.0 = Release|Any CPU
		{7AF52264-B9AA-494E-9122-61E5847DA02A}.Debug|Any CPU.ActiveCfg = Debug|Any CPU
		{7AF52264-B9AA-494E-9122-61E5847DA02A}.Debug|Any CPU.Build.0 = Debug|Any CPU
		{7AF52264-B9AA-494E-9122-61E5847DA02A}.Release|Any CPU.ActiveCfg = Release|Any CPU
		{7AF52264-B9AA-494E-9122-61E5847DA02A}.Release|Any CPU.Build.0 = Release|Any CPU
		{38B5589F-CFB2-4125-9130-E5D7E8B77A2E}.Debug|Any CPU.ActiveCfg = Debug|Any CPU
		{38B5589F-CFB2-4125-9130-E5D7E8B77A2E}.Debug|Any CPU.Build.0 = Debug|Any CPU
		{38B5589F-CFB2-4125-9130-E5D7E8B77A2E}.Release|Any CPU.ActiveCfg = Release|Any CPU
		{38B5589F-CFB2-4125-9130-E5D7E8B77A2E}.Release|Any CPU.Build.0 = Release|Any CPU
		{6C153ED4-3E0E-4CE4-9B0A-1DB84C20C82E}.Debug|Any CPU.ActiveCfg = Debug|Any CPU
		{6C153ED4-3E0E-4CE4-9B0A-1DB84C20C82E}.Debug|Any CPU.Build.0 = Debug|Any CPU
		{6C153ED4-3E0E-4CE4-9B0A-1DB84C20C82E}.Release|Any CPU.ActiveCfg = Release|Any CPU
		{6C153ED4-3E0E-4CE4-9B0A-1DB84C20C82E}.Release|Any CPU.Build.0 = Release|Any CPU
		{F514C000-A580-4855-A7AA-937C42AAF1A5}.Debug|Any CPU.ActiveCfg = Debug|Any CPU
		{F514C000-A580-4855-A7AA-937C42AAF1A5}.Debug|Any CPU.Build.0 = Debug|Any CPU
		{F514C000-A580-4855-A7AA-937C42AAF1A5}.Release|Any CPU.ActiveCfg = Release|Any CPU
		{F514C000-A580-4855-A7AA-937C42AAF1A5}.Release|Any CPU.Build.0 = Release|Any CPU
		{B2E25009-CAE7-44DD-9DF5-6A2EA3199F3F}.Debug|Any CPU.ActiveCfg = Debug|Any CPU
		{B2E25009-CAE7-44DD-9DF5-6A2EA3199F3F}.Debug|Any CPU.Build.0 = Debug|Any CPU
		{B2E25009-CAE7-44DD-9DF5-6A2EA3199F3F}.Release|Any CPU.ActiveCfg = Release|Any CPU
		{B2E25009-CAE7-44DD-9DF5-6A2EA3199F3F}.Release|Any CPU.Build.0 = Release|Any CPU
	EndGlobalSection
	GlobalSection(SolutionProperties) = preSolution
		HideSolutionNode = FALSE
	EndGlobalSection
EndGlobal
