
Microsoft Visual Studio Solution File, Format Version 12.00
# Visual Studio 14
VisualStudioVersion = 14.0.25420.1
MinimumVisualStudioVersion = 10.0.40219.1
Project("{FAE04EC0-301F-11D3-BF4B-00C04F79EFBC}") = "Primjer01", "Primjer01\Primjer01.csproj", "{7F5E3134-C153-45CF-9020-323FC8C627E2}"
EndProject
Project("{FAE04EC0-301F-11D3-BF4B-00C04F79EFBC}") = "Primjer02", "Primjer02\Primjer02.csproj", "{F8B2051E-766E-478D-9F2F-8CEE57DA2DAF}"
EndProject
Project("{FAE04EC0-301F-11D3-BF4B-00C04F79EFBC}") = "Primjer03", "Primjer03\Primjer03.csproj", "{83E92479-F537-46BE-A750-4DDE4E07FDF1}"
EndProject
Project("{FAE04EC0-301F-11D3-BF4B-00C04F79EFBC}") = "Primjer04", "Primjer04\Primjer04.csproj", "{F2DD513D-D2D3-4F51-90B0-750F34E13C3D}"
EndProject
Project("{FAE04EC0-301F-11D3-BF4B-00C04F79EFBC}") = "Primjer05", "Primjer05\Primjer05.csproj", "{1665D51A-D001-4074-A4A5-DA150BCE53AA}"
EndProject
Project("{FAE04EC0-301F-11D3-BF4B-00C04F79EFBC}") = "Primjer06", "Primjer06\Primjer06.csproj", "{1AC3DB16-017E-4E3F-BA70-D6A7A96EBB3E}"
EndProject
Project("{FAE04EC0-301F-11D3-BF4B-00C04F79EFBC}") = "Primjer07", "Primjer07\Primjer07.csproj", "{C3013021-34D9-467D-B78B-9AAA38C71723}"
EndProject
Project("{FAE04EC0-301F-11D3-BF4B-00C04F79EFBC}") = "Primjer08", "Primjer08\Primjer08.csproj", "{D8BF68F0-3314-4659-8EE1-B92DA2A3FCA0}"
EndProject
Project("{FAE04EC0-301F-11D3-BF4B-00C04F79EFBC}") = "Primjer09", "Primjer09\Primjer09.csproj", "{9937D6E8-5B8F-429C-A7A7-19F88456F246}"
EndProject
Project("{FAE04EC0-301F-11D3-BF4B-00C04F79EFBC}") = "Primjer10", "Primjer10\Primjer10.csproj", "{7B63D601-30D5-4E07-AFFA-BC317A269E9B}"
EndProject
Project("{FAE04EC0-301F-11D3-BF4B-00C04F79EFBC}") = "Primjer10.1", "Primjer10.1\Primjer10.1.csproj", "{EE04D02D-F172-4BD1-96AE-B59980C54698}"
EndProject
Project("{FAE04EC0-301F-11D3-BF4B-00C04F79EFBC}") = "Primjer10.2", "Primjer10.2\Primjer10.2.csproj", "{9EC0ABE8-0861-4313-B970-65F6755A211C}"
EndProject
Project("{FAE04EC0-301F-11D3-BF4B-00C04F79EFBC}") = "Primjer11", "Primjer11\Primjer11.csproj", "{39A2E7E6-F5F0-4AA1-AF6A-16E3CA072AC3}"
EndProject
Project("{FAE04EC0-301F-11D3-BF4B-00C04F79EFBC}") = "Primjer11.1", "Primjer11.1\Primjer11.1.csproj", "{4487C36C-78D0-4275-B4A4-94633A34976E}"
EndProject
Project("{FAE04EC0-301F-11D3-BF4B-00C04F79EFBC}") = "Primjer12", "Primjer12\Primjer12.csproj", "{EAFFC8A0-8853-43FD-BB2E-464DEBE1A3EF}"
EndProject
Project("{FAE04EC0-301F-11D3-BF4B-00C04F79EFBC}") = "Primjer13", "Primjer13\Primjer13.csproj", "{B69470DE-B0A8-4196-961A-EB8C2BB33574}"
EndProject
Project("{FAE04EC0-301F-11D3-BF4B-00C04F79EFBC}") = "Primjer14", "Primjer14\Primjer14.csproj", "{D3576E39-CF25-4627-9AF0-0CB22FB2AFDA}"
EndProject
Project("{FAE04EC0-301F-11D3-BF4B-00C04F79EFBC}") = "Primjer15", "Primjer15\Primjer15.csproj", "{9668C4BF-1759-41E6-AA01-E8161DA02CC4}"
EndProject
Project("{FAE04EC0-301F-11D3-BF4B-00C04F79EFBC}") = "Primjer16", "Primjer16\Primjer16.csproj", "{251B0EB0-8890-48C7-B44B-B585F151D6AB}"
EndProject
Global
	GlobalSection(SolutionConfigurationPlatforms) = preSolution
		Debug|Any CPU = Debug|Any CPU
		Release|Any CPU = Release|Any CPU
	EndGlobalSection
	GlobalSection(ProjectConfigurationPlatforms) = postSolution
		{7F5E3134-C153-45CF-9020-323FC8C627E2}.Debug|Any CPU.ActiveCfg = Debug|Any CPU
		{7F5E3134-C153-45CF-9020-323FC8C627E2}.Debug|Any CPU.Build.0 = Debug|Any CPU
		{7F5E3134-C153-45CF-9020-323FC8C627E2}.Release|Any CPU.ActiveCfg = Release|Any CPU
		{7F5E3134-C153-45CF-9020-323FC8C627E2}.Release|Any CPU.Build.0 = Release|Any CPU
		{F8B2051E-766E-478D-9F2F-8CEE57DA2DAF}.Debug|Any CPU.ActiveCfg = Debug|Any CPU
		{F8B2051E-766E-478D-9F2F-8CEE57DA2DAF}.Debug|Any CPU.Build.0 = Debug|Any CPU
		{F8B2051E-766E-478D-9F2F-8CEE57DA2DAF}.Release|Any CPU.ActiveCfg = Release|Any CPU
		{F8B2051E-766E-478D-9F2F-8CEE57DA2DAF}.Release|Any CPU.Build.0 = Release|Any CPU
		{83E92479-F537-46BE-A750-4DDE4E07FDF1}.Debug|Any CPU.ActiveCfg = Debug|Any CPU
		{83E92479-F537-46BE-A750-4DDE4E07FDF1}.Debug|Any CPU.Build.0 = Debug|Any CPU
		{83E92479-F537-46BE-A750-4DDE4E07FDF1}.Release|Any CPU.ActiveCfg = Release|Any CPU
		{83E92479-F537-46BE-A750-4DDE4E07FDF1}.Release|Any CPU.Build.0 = Release|Any CPU
		{F2DD513D-D2D3-4F51-90B0-750F34E13C3D}.Debug|Any CPU.ActiveCfg = Debug|Any CPU
		{F2DD513D-D2D3-4F51-90B0-750F34E13C3D}.Debug|Any CPU.Build.0 = Debug|Any CPU
		{F2DD513D-D2D3-4F51-90B0-750F34E13C3D}.Release|Any CPU.ActiveCfg = Release|Any CPU
		{F2DD513D-D2D3-4F51-90B0-750F34E13C3D}.Release|Any CPU.Build.0 = Release|Any CPU
		{1665D51A-D001-4074-A4A5-DA150BCE53AA}.Debug|Any CPU.ActiveCfg = Debug|Any CPU
		{1665D51A-D001-4074-A4A5-DA150BCE53AA}.Debug|Any CPU.Build.0 = Debug|Any CPU
		{1665D51A-D001-4074-A4A5-DA150BCE53AA}.Release|Any CPU.ActiveCfg = Release|Any CPU
		{1665D51A-D001-4074-A4A5-DA150BCE53AA}.Release|Any CPU.Build.0 = Release|Any CPU
		{1AC3DB16-017E-4E3F-BA70-D6A7A96EBB3E}.Debug|Any CPU.ActiveCfg = Debug|Any CPU
		{1AC3DB16-017E-4E3F-BA70-D6A7A96EBB3E}.Debug|Any CPU.Build.0 = Debug|Any CPU
		{1AC3DB16-017E-4E3F-BA70-D6A7A96EBB3E}.Release|Any CPU.ActiveCfg = Release|Any CPU
		{1AC3DB16-017E-4E3F-BA70-D6A7A96EBB3E}.Release|Any CPU.Build.0 = Release|Any CPU
		{C3013021-34D9-467D-B78B-9AAA38C71723}.Debug|Any CPU.ActiveCfg = Debug|Any CPU
		{C3013021-34D9-467D-B78B-9AAA38C71723}.Debug|Any CPU.Build.0 = Debug|Any CPU
		{C3013021-34D9-467D-B78B-9AAA38C71723}.Release|Any CPU.ActiveCfg = Release|Any CPU
		{C3013021-34D9-467D-B78B-9AAA38C71723}.Release|Any CPU.Build.0 = Release|Any CPU
		{D8BF68F0-3314-4659-8EE1-B92DA2A3FCA0}.Debug|Any CPU.ActiveCfg = Debug|Any CPU
		{D8BF68F0-3314-4659-8EE1-B92DA2A3FCA0}.Debug|Any CPU.Build.0 = Debug|Any CPU
		{D8BF68F0-3314-4659-8EE1-B92DA2A3FCA0}.Release|Any CPU.ActiveCfg = Release|Any CPU
		{D8BF68F0-3314-4659-8EE1-B92DA2A3FCA0}.Release|Any CPU.Build.0 = Release|Any CPU
		{9937D6E8-5B8F-429C-A7A7-19F88456F246}.Debug|Any CPU.ActiveCfg = Debug|Any CPU
		{9937D6E8-5B8F-429C-A7A7-19F88456F246}.Debug|Any CPU.Build.0 = Debug|Any CPU
		{9937D6E8-5B8F-429C-A7A7-19F88456F246}.Release|Any CPU.ActiveCfg = Release|Any CPU
		{9937D6E8-5B8F-429C-A7A7-19F88456F246}.Release|Any CPU.Build.0 = Release|Any CPU
		{7B63D601-30D5-4E07-AFFA-BC317A269E9B}.Debug|Any CPU.ActiveCfg = Debug|Any CPU
		{7B63D601-30D5-4E07-AFFA-BC317A269E9B}.Debug|Any CPU.Build.0 = Debug|Any CPU
		{7B63D601-30D5-4E07-AFFA-BC317A269E9B}.Release|Any CPU.ActiveCfg = Release|Any CPU
		{7B63D601-30D5-4E07-AFFA-BC317A269E9B}.Release|Any CPU.Build.0 = Release|Any CPU
		{EE04D02D-F172-4BD1-96AE-B59980C54698}.Debug|Any CPU.ActiveCfg = Debug|Any CPU
		{EE04D02D-F172-4BD1-96AE-B59980C54698}.Debug|Any CPU.Build.0 = Debug|Any CPU
		{EE04D02D-F172-4BD1-96AE-B59980C54698}.Release|Any CPU.ActiveCfg = Release|Any CPU
		{EE04D02D-F172-4BD1-96AE-B59980C54698}.Release|Any CPU.Build.0 = Release|Any CPU
		{9EC0ABE8-0861-4313-B970-65F6755A211C}.Debug|Any CPU.ActiveCfg = Debug|Any CPU
		{9EC0ABE8-0861-4313-B970-65F6755A211C}.Debug|Any CPU.Build.0 = Debug|Any CPU
		{9EC0ABE8-0861-4313-B970-65F6755A211C}.Release|Any CPU.ActiveCfg = Release|Any CPU
		{9EC0ABE8-0861-4313-B970-65F6755A211C}.Release|Any CPU.Build.0 = Release|Any CPU
		{39A2E7E6-F5F0-4AA1-AF6A-16E3CA072AC3}.Debug|Any CPU.ActiveCfg = Debug|Any CPU
		{39A2E7E6-F5F0-4AA1-AF6A-16E3CA072AC3}.Debug|Any CPU.Build.0 = Debug|Any CPU
		{39A2E7E6-F5F0-4AA1-AF6A-16E3CA072AC3}.Release|Any CPU.ActiveCfg = Release|Any CPU
		{39A2E7E6-F5F0-4AA1-AF6A-16E3CA072AC3}.Release|Any CPU.Build.0 = Release|Any CPU
		{4487C36C-78D0-4275-B4A4-94633A34976E}.Debug|Any CPU.ActiveCfg = Debug|Any CPU
		{4487C36C-78D0-4275-B4A4-94633A34976E}.Debug|Any CPU.Build.0 = Debug|Any CPU
		{4487C36C-78D0-4275-B4A4-94633A34976E}.Release|Any CPU.ActiveCfg = Release|Any CPU
		{4487C36C-78D0-4275-B4A4-94633A34976E}.Release|Any CPU.Build.0 = Release|Any CPU
		{EAFFC8A0-8853-43FD-BB2E-464DEBE1A3EF}.Debug|Any CPU.ActiveCfg = Debug|Any CPU
		{EAFFC8A0-8853-43FD-BB2E-464DEBE1A3EF}.Debug|Any CPU.Build.0 = Debug|Any CPU
		{EAFFC8A0-8853-43FD-BB2E-464DEBE1A3EF}.Release|Any CPU.ActiveCfg = Release|Any CPU
		{EAFFC8A0-8853-43FD-BB2E-464DEBE1A3EF}.Release|Any CPU.Build.0 = Release|Any CPU
		{B69470DE-B0A8-4196-961A-EB8C2BB33574}.Debug|Any CPU.ActiveCfg = Debug|Any CPU
		{B69470DE-B0A8-4196-961A-EB8C2BB33574}.Debug|Any CPU.Build.0 = Debug|Any CPU
		{B69470DE-B0A8-4196-961A-EB8C2BB33574}.Release|Any CPU.ActiveCfg = Release|Any CPU
		{B69470DE-B0A8-4196-961A-EB8C2BB33574}.Release|Any CPU.Build.0 = Release|Any CPU
		{D3576E39-CF25-4627-9AF0-0CB22FB2AFDA}.Debug|Any CPU.ActiveCfg = Debug|Any CPU
		{D3576E39-CF25-4627-9AF0-0CB22FB2AFDA}.Debug|Any CPU.Build.0 = Debug|Any CPU
		{D3576E39-CF25-4627-9AF0-0CB22FB2AFDA}.Release|Any CPU.ActiveCfg = Release|Any CPU
		{D3576E39-CF25-4627-9AF0-0CB22FB2AFDA}.Release|Any CPU.Build.0 = Release|Any CPU
		{9668C4BF-1759-41E6-AA01-E8161DA02CC4}.Debug|Any CPU.ActiveCfg = Debug|Any CPU
		{9668C4BF-1759-41E6-AA01-E8161DA02CC4}.Debug|Any CPU.Build.0 = Debug|Any CPU
		{9668C4BF-1759-41E6-AA01-E8161DA02CC4}.Release|Any CPU.ActiveCfg = Release|Any CPU
		{9668C4BF-1759-41E6-AA01-E8161DA02CC4}.Release|Any CPU.Build.0 = Release|Any CPU
		{251B0EB0-8890-48C7-B44B-B585F151D6AB}.Debug|Any CPU.ActiveCfg = Debug|Any CPU
		{251B0EB0-8890-48C7-B44B-B585F151D6AB}.Debug|Any CPU.Build.0 = Debug|Any CPU
		{251B0EB0-8890-48C7-B44B-B585F151D6AB}.Release|Any CPU.ActiveCfg = Release|Any CPU
		{251B0EB0-8890-48C7-B44B-B585F151D6AB}.Release|Any CPU.Build.0 = Release|Any CPU
	EndGlobalSection
	GlobalSection(SolutionProperties) = preSolution
		HideSolutionNode = FALSE
	EndGlobalSection
EndGlobal
