
Microsoft Visual Studio Solution File, Format Version 12.00
# Visual Studio 14
VisualStudioVersion = 14.0.25420.1
MinimumVisualStudioVersion = 10.0.40219.1
Project("{FAE04EC0-301F-11D3-BF4B-00C04F79EFBC}") = "Primjer 01", "Primjer 01\Primjer 01.csproj", "{E640109A-40DD-474D-9DF9-2058F2DE55B9}"
EndProject
Project("{FAE04EC0-301F-11D3-BF4B-00C04F79EFBC}") = "Primjer 02", "Primjer 02\Primjer 02.csproj", "{C052A08C-33C4-4B9A-928F-8F57CE50488A}"
EndProject
Project("{FAE04EC0-301F-11D3-BF4B-00C04F79EFBC}") = "Primjer 03", "Primjer 03\Primjer 03.csproj", "{8872BDED-6E21-4581-9719-16BAB29D2B99}"
EndProject
Global
	GlobalSection(SolutionConfigurationPlatforms) = preSolution
		Debug|Any CPU = Debug|Any CPU
		Release|Any CPU = Release|Any CPU
	EndGlobalSection
	GlobalSection(ProjectConfigurationPlatforms) = postSolution
		{E640109A-40DD-474D-9DF9-2058F2DE55B9}.Debug|Any CPU.ActiveCfg = Debug|Any CPU
		{E640109A-40DD-474D-9DF9-2058F2DE55B9}.Debug|Any CPU.Build.0 = Debug|Any CPU
		{E640109A-40DD-474D-9DF9-2058F2DE55B9}.Release|Any CPU.ActiveCfg = Release|Any CPU
		{E640109A-40DD-474D-9DF9-2058F2DE55B9}.Release|Any CPU.Build.0 = Release|Any CPU
		{C052A08C-33C4-4B9A-928F-8F57CE50488A}.Debug|Any CPU.ActiveCfg = Debug|Any CPU
		{C052A08C-33C4-4B9A-928F-8F57CE50488A}.Debug|Any CPU.Build.0 = Debug|Any CPU
		{C052A08C-33C4-4B9A-928F-8F57CE50488A}.Release|Any CPU.ActiveCfg = Release|Any CPU
		{C052A08C-33C4-4B9A-928F-8F57CE50488A}.Release|Any CPU.Build.0 = Release|Any CPU
		{8872BDED-6E21-4581-9719-16BAB29D2B99}.Debug|Any CPU.ActiveCfg = Debug|Any CPU
		{8872BDED-6E21-4581-9719-16BAB29D2B99}.Debug|Any CPU.Build.0 = Debug|Any CPU
		{8872BDED-6E21-4581-9719-16BAB29D2B99}.Release|Any CPU.ActiveCfg = Release|Any CPU
		{8872BDED-6E21-4581-9719-16BAB29D2B99}.Release|Any CPU.Build.0 = Release|Any CPU
	EndGlobalSection
	GlobalSection(SolutionProperties) = preSolution
		HideSolutionNode = FALSE
	EndGlobalSection
EndGlobal
