
Microsoft Visual Studio Solution File, Format Version 12.00
# Visual Studio 14
VisualStudioVersion = 14.0.25420.1
MinimumVisualStudioVersion = 10.0.40219.1
Project("{FAE04EC0-301F-11D3-BF4B-00C04F79EFBC}") = "Primjer 01", "Primjer 01\Primjer 01.csproj", "{E640109A-40DD-474D-9DF9-2058F2DE55B9}"
EndProject
Project("{FAE04EC0-301F-11D3-BF4B-00C04F79EFBC}") = "Primjer 02", "Primjer 02\Primjer 02.csproj", "{C052A08C-33C4-4B9A-928F-8F57CE50488A}"
EndProject
Project("{FAE04EC0-301F-11D3-BF4B-00C04F79EFBC}") = "Primjer 03", "Primjer 03\Primjer 03.csproj", "{8872BDED-6E21-4581-9719-16BAB29D2B99}"
EndProject
Project("{FAE04EC0-301F-11D3-BF4B-00C04F79EFBC}") = "Primjer 04", "Primjer 04\Primjer 04.csproj", "{B5224B16-A639-4C40-836E-0928A68FA713}"
EndProject
Project("{FAE04EC0-301F-11D3-BF4B-00C04F79EFBC}") = "Primjer 05", "Primjer 05\Primjer 05.csproj", "{C7F913A0-1501-4556-8B8C-E6D30DBC1CFA}"
EndProject
Project("{FAE04EC0-301F-11D3-BF4B-00C04F79EFBC}") = "Primjer 06", "Primjer 06\Primjer 06.csproj", "{830A33F8-E7A9-44CF-BD62-BA9E19F7CD4C}"
EndProject
Project("{FAE04EC0-301F-11D3-BF4B-00C04F79EFBC}") = "Primjer 07", "Primjer 07\Primjer 07.csproj", "{A214589B-47B5-441B-A8F2-CD5FF481777A}"
EndProject
Project("{FAE04EC0-301F-11D3-BF4B-00C04F79EFBC}") = "Primjer 08", "Primjer 08\Primjer 08.csproj", "{1A742CAD-A289-4353-819C-44CCBB47097D}"
EndProject
Project("{FAE04EC0-301F-11D3-BF4B-00C04F79EFBC}") = "Primjer 09", "Primjer 09\Primjer 09.csproj", "{5ADADCEF-2114-4DD2-A694-BD1B863F4EAF}"
EndProject
Project("{FAE04EC0-301F-11D3-BF4B-00C04F79EFBC}") = "Primjer 10", "Primjer 10\Primjer 10.csproj", "{71E7669C-F571-4492-B89D-11B4AD8E4486}"
EndProject
Project("{FAE04EC0-301F-11D3-BF4B-00C04F79EFBC}") = "Primjer 11", "Primjer 11\Primjer 11.csproj", "{90A282A5-6829-422E-A607-A23C7749B333}"
EndProject
Project("{FAE04EC0-301F-11D3-BF4B-00C04F79EFBC}") = "Primjer 12", "Primjer 12\Primjer 12.csproj", "{238EA501-5F56-4BB1-92B0-DA6D80150453}"
EndProject
Project("{FAE04EC0-301F-11D3-BF4B-00C04F79EFBC}") = "Primjer 13", "Primjer 13\Primjer 13.csproj", "{E8AADC5D-B0C3-4C79-B599-A820788BEFA6}"
EndProject
Project("{FAE04EC0-301F-11D3-BF4B-00C04F79EFBC}") = "Primjer 14", "Primjer 14\Primjer 14.csproj", "{92A09398-29C4-4758-90E4-54DE9A8F7DD2}"
EndProject
Project("{FAE04EC0-301F-11D3-BF4B-00C04F79EFBC}") = "Primjer 15", "Primjer 15\Primjer 15.csproj", "{0470BB29-9D72-4D7A-8352-BE3F7608638D}"
EndProject
Project("{FAE04EC0-301F-11D3-BF4B-00C04F79EFBC}") = "Primjer 16", "Primjer 16\Primjer 16.csproj", "{B41205BE-D2D1-4226-99C8-6AFA4FEAD86F}"
EndProject
Global
	GlobalSection(SolutionConfigurationPlatforms) = preSolution
		Debug|Any CPU = Debug|Any CPU
		Release|Any CPU = Release|Any CPU
	EndGlobalSection
	GlobalSection(ProjectConfigurationPlatforms) = postSolution
		{E640109A-40DD-474D-9DF9-2058F2DE55B9}.Debug|Any CPU.ActiveCfg = Debug|Any CPU
		{E640109A-40DD-474D-9DF9-2058F2DE55B9}.Debug|Any CPU.Build.0 = Debug|Any CPU
		{E640109A-40DD-474D-9DF9-2058F2DE55B9}.Release|Any CPU.ActiveCfg = Release|Any CPU
		{E640109A-40DD-474D-9DF9-2058F2DE55B9}.Release|Any CPU.Build.0 = Release|Any CPU
		{C052A08C-33C4-4B9A-928F-8F57CE50488A}.Debug|Any CPU.ActiveCfg = Debug|Any CPU
		{C052A08C-33C4-4B9A-928F-8F57CE50488A}.Debug|Any CPU.Build.0 = Debug|Any CPU
		{C052A08C-33C4-4B9A-928F-8F57CE50488A}.Release|Any CPU.ActiveCfg = Release|Any CPU
		{C052A08C-33C4-4B9A-928F-8F57CE50488A}.Release|Any CPU.Build.0 = Release|Any CPU
		{8872BDED-6E21-4581-9719-16BAB29D2B99}.Debug|Any CPU.ActiveCfg = Debug|Any CPU
		{8872BDED-6E21-4581-9719-16BAB29D2B99}.Debug|Any CPU.Build.0 = Debug|Any CPU
		{8872BDED-6E21-4581-9719-16BAB29D2B99}.Release|Any CPU.ActiveCfg = Release|Any CPU
		{8872BDED-6E21-4581-9719-16BAB29D2B99}.Release|Any CPU.Build.0 = Release|Any CPU
		{B5224B16-A639-4C40-836E-0928A68FA713}.Debug|Any CPU.ActiveCfg = Debug|Any CPU
		{B5224B16-A639-4C40-836E-0928A68FA713}.Debug|Any CPU.Build.0 = Debug|Any CPU
		{B5224B16-A639-4C40-836E-0928A68FA713}.Release|Any CPU.ActiveCfg = Release|Any CPU
		{B5224B16-A639-4C40-836E-0928A68FA713}.Release|Any CPU.Build.0 = Release|Any CPU
		{C7F913A0-1501-4556-8B8C-E6D30DBC1CFA}.Debug|Any CPU.ActiveCfg = Debug|Any CPU
		{C7F913A0-1501-4556-8B8C-E6D30DBC1CFA}.Debug|Any CPU.Build.0 = Debug|Any CPU
		{C7F913A0-1501-4556-8B8C-E6D30DBC1CFA}.Release|Any CPU.ActiveCfg = Release|Any CPU
		{C7F913A0-1501-4556-8B8C-E6D30DBC1CFA}.Release|Any CPU.Build.0 = Release|Any CPU
		{830A33F8-E7A9-44CF-BD62-BA9E19F7CD4C}.Debug|Any CPU.ActiveCfg = Debug|Any CPU
		{830A33F8-E7A9-44CF-BD62-BA9E19F7CD4C}.Debug|Any CPU.Build.0 = Debug|Any CPU
		{830A33F8-E7A9-44CF-BD62-BA9E19F7CD4C}.Release|Any CPU.ActiveCfg = Release|Any CPU
		{830A33F8-E7A9-44CF-BD62-BA9E19F7CD4C}.Release|Any CPU.Build.0 = Release|Any CPU
		{A214589B-47B5-441B-A8F2-CD5FF481777A}.Debug|Any CPU.ActiveCfg = Debug|Any CPU
		{A214589B-47B5-441B-A8F2-CD5FF481777A}.Debug|Any CPU.Build.0 = Debug|Any CPU
		{A214589B-47B5-441B-A8F2-CD5FF481777A}.Release|Any CPU.ActiveCfg = Release|Any CPU
		{A214589B-47B5-441B-A8F2-CD5FF481777A}.Release|Any CPU.Build.0 = Release|Any CPU
		{1A742CAD-A289-4353-819C-44CCBB47097D}.Debug|Any CPU.ActiveCfg = Debug|Any CPU
		{1A742CAD-A289-4353-819C-44CCBB47097D}.Debug|Any CPU.Build.0 = Debug|Any CPU
		{1A742CAD-A289-4353-819C-44CCBB47097D}.Release|Any CPU.ActiveCfg = Release|Any CPU
		{1A742CAD-A289-4353-819C-44CCBB47097D}.Release|Any CPU.Build.0 = Release|Any CPU
		{5ADADCEF-2114-4DD2-A694-BD1B863F4EAF}.Debug|Any CPU.ActiveCfg = Debug|Any CPU
		{5ADADCEF-2114-4DD2-A694-BD1B863F4EAF}.Debug|Any CPU.Build.0 = Debug|Any CPU
		{5ADADCEF-2114-4DD2-A694-BD1B863F4EAF}.Release|Any CPU.ActiveCfg = Release|Any CPU
		{5ADADCEF-2114-4DD2-A694-BD1B863F4EAF}.Release|Any CPU.Build.0 = Release|Any CPU
		{71E7669C-F571-4492-B89D-11B4AD8E4486}.Debug|Any CPU.ActiveCfg = Debug|Any CPU
		{71E7669C-F571-4492-B89D-11B4AD8E4486}.Debug|Any CPU.Build.0 = Debug|Any CPU
		{71E7669C-F571-4492-B89D-11B4AD8E4486}.Release|Any CPU.ActiveCfg = Release|Any CPU
		{71E7669C-F571-4492-B89D-11B4AD8E4486}.Release|Any CPU.Build.0 = Release|Any CPU
		{90A282A5-6829-422E-A607-A23C7749B333}.Debug|Any CPU.ActiveCfg = Debug|Any CPU
		{90A282A5-6829-422E-A607-A23C7749B333}.Debug|Any CPU.Build.0 = Debug|Any CPU
		{90A282A5-6829-422E-A607-A23C7749B333}.Release|Any CPU.ActiveCfg = Release|Any CPU
		{90A282A5-6829-422E-A607-A23C7749B333}.Release|Any CPU.Build.0 = Release|Any CPU
		{238EA501-5F56-4BB1-92B0-DA6D80150453}.Debug|Any CPU.ActiveCfg = Debug|Any CPU
		{238EA501-5F56-4BB1-92B0-DA6D80150453}.Debug|Any CPU.Build.0 = Debug|Any CPU
		{238EA501-5F56-4BB1-92B0-DA6D80150453}.Release|Any CPU.ActiveCfg = Release|Any CPU
		{238EA501-5F56-4BB1-92B0-DA6D80150453}.Release|Any CPU.Build.0 = Release|Any CPU
		{E8AADC5D-B0C3-4C79-B599-A820788BEFA6}.Debug|Any CPU.ActiveCfg = Debug|Any CPU
		{E8AADC5D-B0C3-4C79-B599-A820788BEFA6}.Debug|Any CPU.Build.0 = Debug|Any CPU
		{E8AADC5D-B0C3-4C79-B599-A820788BEFA6}.Release|Any CPU.ActiveCfg = Release|Any CPU
		{E8AADC5D-B0C3-4C79-B599-A820788BEFA6}.Release|Any CPU.Build.0 = Release|Any CPU
		{92A09398-29C4-4758-90E4-54DE9A8F7DD2}.Debug|Any CPU.ActiveCfg = Debug|Any CPU
		{92A09398-29C4-4758-90E4-54DE9A8F7DD2}.Debug|Any CPU.Build.0 = Debug|Any CPU
		{92A09398-29C4-4758-90E4-54DE9A8F7DD2}.Release|Any CPU.ActiveCfg = Release|Any CPU
		{92A09398-29C4-4758-90E4-54DE9A8F7DD2}.Release|Any CPU.Build.0 = Release|Any CPU
		{0470BB29-9D72-4D7A-8352-BE3F7608638D}.Debug|Any CPU.ActiveCfg = Debug|Any CPU
		{0470BB29-9D72-4D7A-8352-BE3F7608638D}.Debug|Any CPU.Build.0 = Debug|Any CPU
		{0470BB29-9D72-4D7A-8352-BE3F7608638D}.Release|Any CPU.ActiveCfg = Release|Any CPU
		{0470BB29-9D72-4D7A-8352-BE3F7608638D}.Release|Any CPU.Build.0 = Release|Any CPU
		{B41205BE-D2D1-4226-99C8-6AFA4FEAD86F}.Debug|Any CPU.ActiveCfg = Debug|Any CPU
		{B41205BE-D2D1-4226-99C8-6AFA4FEAD86F}.Debug|Any CPU.Build.0 = Debug|Any CPU
		{B41205BE-D2D1-4226-99C8-6AFA4FEAD86F}.Release|Any CPU.ActiveCfg = Release|Any CPU
		{B41205BE-D2D1-4226-99C8-6AFA4FEAD86F}.Release|Any CPU.Build.0 = Release|Any CPU
	EndGlobalSection
	GlobalSection(SolutionProperties) = preSolution
		HideSolutionNode = FALSE
	EndGlobalSection
EndGlobal
