
Microsoft Visual Studio Solution File, Format Version 12.00
# Visual Studio 14
VisualStudioVersion = 14.0.25420.1
MinimumVisualStudioVersion = 10.0.40219.1
Project("{FAE04EC0-301F-11D3-BF4B-00C04F79EFBC}") = "Primjer01", "Primjer01\Primjer01.csproj", "{7432C3C1-DC58-46C7-A40B-FB1CC21105D8}"
EndProject
Project("{FAE04EC0-301F-11D3-BF4B-00C04F79EFBC}") = "Primjer02", "Primjer02\Primjer02.csproj", "{FC550E67-FC76-408D-AA93-47C9BA9B6C3B}"
EndProject
Project("{FAE04EC0-301F-11D3-BF4B-00C04F79EFBC}") = "Primjer03", "Primjer03\Primjer03.csproj", "{2F49C611-4EB0-4D3D-BB00-0890E63A2EC7}"
EndProject
Project("{FAE04EC0-301F-11D3-BF4B-00C04F79EFBC}") = "Primjer04", "Primjer04\Primjer04.csproj", "{97B6B536-EC00-4231-B6BC-375F7374B21F}"
EndProject
Project("{FAE04EC0-301F-11D3-BF4B-00C04F79EFBC}") = "Primjer05", "Primjer05\Primjer05.csproj", "{C4AE2F08-D767-415B-84B6-1DF74232BC64}"
EndProject
Project("{FAE04EC0-301F-11D3-BF4B-00C04F79EFBC}") = "Primjer06", "Primjer06\Primjer06.csproj", "{A2D29B0C-5C9B-4E0F-8ADC-3ECF5288CBD9}"
EndProject
Global
	GlobalSection(SolutionConfigurationPlatforms) = preSolution
		Debug|Any CPU = Debug|Any CPU
		Release|Any CPU = Release|Any CPU
	EndGlobalSection
	GlobalSection(ProjectConfigurationPlatforms) = postSolution
		{7432C3C1-DC58-46C7-A40B-FB1CC21105D8}.Debug|Any CPU.ActiveCfg = Debug|Any CPU
		{7432C3C1-DC58-46C7-A40B-FB1CC21105D8}.Debug|Any CPU.Build.0 = Debug|Any CPU
		{7432C3C1-DC58-46C7-A40B-FB1CC21105D8}.Release|Any CPU.ActiveCfg = Release|Any CPU
		{7432C3C1-DC58-46C7-A40B-FB1CC21105D8}.Release|Any CPU.Build.0 = Release|Any CPU
		{FC550E67-FC76-408D-AA93-47C9BA9B6C3B}.Debug|Any CPU.ActiveCfg = Debug|Any CPU
		{FC550E67-FC76-408D-AA93-47C9BA9B6C3B}.Debug|Any CPU.Build.0 = Debug|Any CPU
		{FC550E67-FC76-408D-AA93-47C9BA9B6C3B}.Release|Any CPU.ActiveCfg = Release|Any CPU
		{FC550E67-FC76-408D-AA93-47C9BA9B6C3B}.Release|Any CPU.Build.0 = Release|Any CPU
		{2F49C611-4EB0-4D3D-BB00-0890E63A2EC7}.Debug|Any CPU.ActiveCfg = Debug|Any CPU
		{2F49C611-4EB0-4D3D-BB00-0890E63A2EC7}.Debug|Any CPU.Build.0 = Debug|Any CPU
		{2F49C611-4EB0-4D3D-BB00-0890E63A2EC7}.Release|Any CPU.ActiveCfg = Release|Any CPU
		{2F49C611-4EB0-4D3D-BB00-0890E63A2EC7}.Release|Any CPU.Build.0 = Release|Any CPU
		{97B6B536-EC00-4231-B6BC-375F7374B21F}.Debug|Any CPU.ActiveCfg = Debug|Any CPU
		{97B6B536-EC00-4231-B6BC-375F7374B21F}.Debug|Any CPU.Build.0 = Debug|Any CPU
		{97B6B536-EC00-4231-B6BC-375F7374B21F}.Release|Any CPU.ActiveCfg = Release|Any CPU
		{97B6B536-EC00-4231-B6BC-375F7374B21F}.Release|Any CPU.Build.0 = Release|Any CPU
		{C4AE2F08-D767-415B-84B6-1DF74232BC64}.Debug|Any CPU.ActiveCfg = Debug|Any CPU
		{C4AE2F08-D767-415B-84B6-1DF74232BC64}.Debug|Any CPU.Build.0 = Debug|Any CPU
		{C4AE2F08-D767-415B-84B6-1DF74232BC64}.Release|Any CPU.ActiveCfg = Release|Any CPU
		{C4AE2F08-D767-415B-84B6-1DF74232BC64}.Release|Any CPU.Build.0 = Release|Any CPU
		{A2D29B0C-5C9B-4E0F-8ADC-3ECF5288CBD9}.Debug|Any CPU.ActiveCfg = Debug|Any CPU
		{A2D29B0C-5C9B-4E0F-8ADC-3ECF5288CBD9}.Debug|Any CPU.Build.0 = Debug|Any CPU
		{A2D29B0C-5C9B-4E0F-8ADC-3ECF5288CBD9}.Release|Any CPU.ActiveCfg = Release|Any CPU
		{A2D29B0C-5C9B-4E0F-8ADC-3ECF5288CBD9}.Release|Any CPU.Build.0 = Release|Any CPU
	EndGlobalSection
	GlobalSection(SolutionProperties) = preSolution
		HideSolutionNode = FALSE
	EndGlobalSection
EndGlobal
