
Microsoft Visual Studio Solution File, Format Version 12.00
# Visual Studio 14
VisualStudioVersion = 14.0.25420.1
MinimumVisualStudioVersion = 10.0.40219.1
Project("{888888A0-9F3D-457C-B088-3A5042F75D52}") = "Program01", "Program01\Program01.pyproj", "{3922671C-A444-4692-95AA-01F0E2CED72D}"
EndProject
Project("{888888A0-9F3D-457C-B088-3A5042F75D52}") = "Program02", "Program02\Program02.pyproj", "{5BB87E76-36DD-4E68-A022-13FB243AF571}"
EndProject
Global
	GlobalSection(SolutionConfigurationPlatforms) = preSolution
		Debug|Any CPU = Debug|Any CPU
		Release|Any CPU = Release|Any CPU
	EndGlobalSection
	GlobalSection(ProjectConfigurationPlatforms) = postSolution
		{3922671C-A444-4692-95AA-01F0E2CED72D}.Debug|Any CPU.ActiveCfg = Debug|Any CPU
		{3922671C-A444-4692-95AA-01F0E2CED72D}.Release|Any CPU.ActiveCfg = Release|Any CPU
		{5BB87E76-36DD-4E68-A022-13FB243AF571}.Debug|Any CPU.ActiveCfg = Debug|Any CPU
		{5BB87E76-36DD-4E68-A022-13FB243AF571}.Release|Any CPU.ActiveCfg = Release|Any CPU
	EndGlobalSection
	GlobalSection(SolutionProperties) = preSolution
		HideSolutionNode = FALSE
	EndGlobalSection
EndGlobal
