
Microsoft Visual Studio Solution File, Format Version 12.00
# Visual Studio 14
VisualStudioVersion = 14.0.25420.1
MinimumVisualStudioVersion = 10.0.40219.1
Project("{8BC9CEB8-8B4A-11D0-8D11-00A0C91BC942}") = "Primjer 01", "Primjer 01\Primjer 01.vcxproj", "{261FFF9B-5EE1-4C4E-9F3B-095905C78852}"
EndProject
Project("{8BC9CEB8-8B4A-11D0-8D11-00A0C91BC942}") = "Primjer 02", "Primjer 02\Primjer 02.vcxproj", "{6D84011B-D9E7-438B-BE0E-0556C9036973}"
EndProject
Project("{8BC9CEB8-8B4A-11D0-8D11-00A0C91BC942}") = "Primjer 03", "Primjer 03\Primjer 03.vcxproj", "{0D1B9473-AF21-4537-9538-3B2C391425F1}"
EndProject
Project("{8BC9CEB8-8B4A-11D0-8D11-00A0C91BC942}") = "Zadatak01", "Zadatak01\Zadatak01.vcxproj", "{1621FD4A-3D6C-4190-8799-945212735E70}"
EndProject
Project("{8BC9CEB8-8B4A-11D0-8D11-00A0C91BC942}") = "Zadatak02", "Zadatak02\Zadatak02.vcxproj", "{97641470-36E2-48D5-8508-D52B21CD5EA3}"
EndProject
Project("{8BC9CEB8-8B4A-11D0-8D11-00A0C91BC942}") = "Zadatak03", "Zadatak03\Zadatak03.vcxproj", "{81738E39-F736-4637-B8AC-AA387359D2B8}"
EndProject
Project("{8BC9CEB8-8B4A-11D0-8D11-00A0C91BC942}") = "Zadatak04", "Zadatak04\Zadatak04.vcxproj", "{255599E5-6629-4B90-9AD7-2C54ACCA4C14}"
EndProject
Project("{8BC9CEB8-8B4A-11D0-8D11-00A0C91BC942}") = "Primjer04 - volatile", "Primjer04 - volatile\Primjer04 - volatile.vcxproj", "{6FADEEAC-E868-4E68-B343-8C5195C8918E}"
EndProject
Project("{8BC9CEB8-8B4A-11D0-8D11-00A0C91BC942}") = "Primjer 4.4.8", "Primjer 4.4.8\Primjer 4.4.8.vcxproj", "{5CED3F4C-E121-4FB4-ABFA-D0C6F0F61F76}"
EndProject
Project("{8BC9CEB8-8B4A-11D0-8D11-00A0C91BC942}") = "Zadatak 4.4.10", "Zadatak 4.4.10\Zadatak 4.4.10.vcxproj", "{330BE7B2-9D3B-4DCE-9503-3C7CEBCB42AC}"
EndProject
Project("{8BC9CEB8-8B4A-11D0-8D11-00A0C91BC942}") = "Primjer 4.4.11", "Primjer 4.4.11\Primjer 4.4.11.vcxproj", "{544B4ACA-7FBC-42A7-8527-9D203BCB4320}"
EndProject
Global
	GlobalSection(SolutionConfigurationPlatforms) = preSolution
		Debug|x64 = Debug|x64
		Debug|x86 = Debug|x86
		Release|x64 = Release|x64
		Release|x86 = Release|x86
	EndGlobalSection
	GlobalSection(ProjectConfigurationPlatforms) = postSolution
		{261FFF9B-5EE1-4C4E-9F3B-095905C78852}.Debug|x64.ActiveCfg = Debug|x64
		{261FFF9B-5EE1-4C4E-9F3B-095905C78852}.Debug|x64.Build.0 = Debug|x64
		{261FFF9B-5EE1-4C4E-9F3B-095905C78852}.Debug|x86.ActiveCfg = Debug|Win32
		{261FFF9B-5EE1-4C4E-9F3B-095905C78852}.Debug|x86.Build.0 = Debug|Win32
		{261FFF9B-5EE1-4C4E-9F3B-095905C78852}.Release|x64.ActiveCfg = Release|x64
		{261FFF9B-5EE1-4C4E-9F3B-095905C78852}.Release|x64.Build.0 = Release|x64
		{261FFF9B-5EE1-4C4E-9F3B-095905C78852}.Release|x86.ActiveCfg = Release|Win32
		{261FFF9B-5EE1-4C4E-9F3B-095905C78852}.Release|x86.Build.0 = Release|Win32
		{6D84011B-D9E7-438B-BE0E-0556C9036973}.Debug|x64.ActiveCfg = Debug|x64
		{6D84011B-D9E7-438B-BE0E-0556C9036973}.Debug|x64.Build.0 = Debug|x64
		{6D84011B-D9E7-438B-BE0E-0556C9036973}.Debug|x86.ActiveCfg = Debug|Win32
		{6D84011B-D9E7-438B-BE0E-0556C9036973}.Debug|x86.Build.0 = Debug|Win32
		{6D84011B-D9E7-438B-BE0E-0556C9036973}.Release|x64.ActiveCfg = Release|x64
		{6D84011B-D9E7-438B-BE0E-0556C9036973}.Release|x64.Build.0 = Release|x64
		{6D84011B-D9E7-438B-BE0E-0556C9036973}.Release|x86.ActiveCfg = Release|Win32
		{6D84011B-D9E7-438B-BE0E-0556C9036973}.Release|x86.Build.0 = Release|Win32
		{0D1B9473-AF21-4537-9538-3B2C391425F1}.Debug|x64.ActiveCfg = Debug|x64
		{0D1B9473-AF21-4537-9538-3B2C391425F1}.Debug|x64.Build.0 = Debug|x64
		{0D1B9473-AF21-4537-9538-3B2C391425F1}.Debug|x86.ActiveCfg = Debug|Win32
		{0D1B9473-AF21-4537-9538-3B2C391425F1}.Debug|x86.Build.0 = Debug|Win32
		{0D1B9473-AF21-4537-9538-3B2C391425F1}.Release|x64.ActiveCfg = Release|x64
		{0D1B9473-AF21-4537-9538-3B2C391425F1}.Release|x64.Build.0 = Release|x64
		{0D1B9473-AF21-4537-9538-3B2C391425F1}.Release|x86.ActiveCfg = Release|Win32
		{0D1B9473-AF21-4537-9538-3B2C391425F1}.Release|x86.Build.0 = Release|Win32
		{1621FD4A-3D6C-4190-8799-945212735E70}.Debug|x64.ActiveCfg = Debug|x64
		{1621FD4A-3D6C-4190-8799-945212735E70}.Debug|x64.Build.0 = Debug|x64
		{1621FD4A-3D6C-4190-8799-945212735E70}.Debug|x86.ActiveCfg = Debug|Win32
		{1621FD4A-3D6C-4190-8799-945212735E70}.Debug|x86.Build.0 = Debug|Win32
		{1621FD4A-3D6C-4190-8799-945212735E70}.Release|x64.ActiveCfg = Release|x64
		{1621FD4A-3D6C-4190-8799-945212735E70}.Release|x64.Build.0 = Release|x64
		{1621FD4A-3D6C-4190-8799-945212735E70}.Release|x86.ActiveCfg = Release|Win32
		{1621FD4A-3D6C-4190-8799-945212735E70}.Release|x86.Build.0 = Release|Win32
		{97641470-36E2-48D5-8508-D52B21CD5EA3}.Debug|x64.ActiveCfg = Debug|x64
		{97641470-36E2-48D5-8508-D52B21CD5EA3}.Debug|x64.Build.0 = Debug|x64
		{97641470-36E2-48D5-8508-D52B21CD5EA3}.Debug|x86.ActiveCfg = Debug|Win32
		{97641470-36E2-48D5-8508-D52B21CD5EA3}.Debug|x86.Build.0 = Debug|Win32
		{97641470-36E2-48D5-8508-D52B21CD5EA3}.Release|x64.ActiveCfg = Release|x64
		{97641470-36E2-48D5-8508-D52B21CD5EA3}.Release|x64.Build.0 = Release|x64
		{97641470-36E2-48D5-8508-D52B21CD5EA3}.Release|x86.ActiveCfg = Release|Win32
		{97641470-36E2-48D5-8508-D52B21CD5EA3}.Release|x86.Build.0 = Release|Win32
		{81738E39-F736-4637-B8AC-AA387359D2B8}.Debug|x64.ActiveCfg = Debug|x64
		{81738E39-F736-4637-B8AC-AA387359D2B8}.Debug|x64.Build.0 = Debug|x64
		{81738E39-F736-4637-B8AC-AA387359D2B8}.Debug|x86.ActiveCfg = Debug|Win32
		{81738E39-F736-4637-B8AC-AA387359D2B8}.Debug|x86.Build.0 = Debug|Win32
		{81738E39-F736-4637-B8AC-AA387359D2B8}.Release|x64.ActiveCfg = Release|x64
		{81738E39-F736-4637-B8AC-AA387359D2B8}.Release|x64.Build.0 = Release|x64
		{81738E39-F736-4637-B8AC-AA387359D2B8}.Release|x86.ActiveCfg = Release|Win32
		{81738E39-F736-4637-B8AC-AA387359D2B8}.Release|x86.Build.0 = Release|Win32
		{255599E5-6629-4B90-9AD7-2C54ACCA4C14}.Debug|x64.ActiveCfg = Debug|x64
		{255599E5-6629-4B90-9AD7-2C54ACCA4C14}.Debug|x64.Build.0 = Debug|x64
		{255599E5-6629-4B90-9AD7-2C54ACCA4C14}.Debug|x86.ActiveCfg = Debug|Win32
		{255599E5-6629-4B90-9AD7-2C54ACCA4C14}.Debug|x86.Build.0 = Debug|Win32
		{255599E5-6629-4B90-9AD7-2C54ACCA4C14}.Release|x64.ActiveCfg = Release|x64
		{255599E5-6629-4B90-9AD7-2C54ACCA4C14}.Release|x64.Build.0 = Release|x64
		{255599E5-6629-4B90-9AD7-2C54ACCA4C14}.Release|x86.ActiveCfg = Release|Win32
		{255599E5-6629-4B90-9AD7-2C54ACCA4C14}.Release|x86.Build.0 = Release|Win32
		{6FADEEAC-E868-4E68-B343-8C5195C8918E}.Debug|x64.ActiveCfg = Debug|x64
		{6FADEEAC-E868-4E68-B343-8C5195C8918E}.Debug|x64.Build.0 = Debug|x64
		{6FADEEAC-E868-4E68-B343-8C5195C8918E}.Debug|x86.ActiveCfg = Debug|Win32
		{6FADEEAC-E868-4E68-B343-8C5195C8918E}.Debug|x86.Build.0 = Debug|Win32
		{6FADEEAC-E868-4E68-B343-8C5195C8918E}.Release|x64.ActiveCfg = Release|x64
		{6FADEEAC-E868-4E68-B343-8C5195C8918E}.Release|x64.Build.0 = Release|x64
		{6FADEEAC-E868-4E68-B343-8C5195C8918E}.Release|x86.ActiveCfg = Release|Win32
		{6FADEEAC-E868-4E68-B343-8C5195C8918E}.Release|x86.Build.0 = Release|Win32
		{5CED3F4C-E121-4FB4-ABFA-D0C6F0F61F76}.Debug|x64.ActiveCfg = Debug|x64
		{5CED3F4C-E121-4FB4-ABFA-D0C6F0F61F76}.Debug|x64.Build.0 = Debug|x64
		{5CED3F4C-E121-4FB4-ABFA-D0C6F0F61F76}.Debug|x86.ActiveCfg = Debug|Win32
		{5CED3F4C-E121-4FB4-ABFA-D0C6F0F61F76}.Debug|x86.Build.0 = Debug|Win32
		{5CED3F4C-E121-4FB4-ABFA-D0C6F0F61F76}.Release|x64.ActiveCfg = Release|x64
		{5CED3F4C-E121-4FB4-ABFA-D0C6F0F61F76}.Release|x64.Build.0 = Release|x64
		{5CED3F4C-E121-4FB4-ABFA-D0C6F0F61F76}.Release|x86.ActiveCfg = Release|Win32
		{5CED3F4C-E121-4FB4-ABFA-D0C6F0F61F76}.Release|x86.Build.0 = Release|Win32
		{330BE7B2-9D3B-4DCE-9503-3C7CEBCB42AC}.Debug|x64.ActiveCfg = Debug|x64
		{330BE7B2-9D3B-4DCE-9503-3C7CEBCB42AC}.Debug|x64.Build.0 = Debug|x64
		{330BE7B2-9D3B-4DCE-9503-3C7CEBCB42AC}.Debug|x86.ActiveCfg = Debug|Win32
		{330BE7B2-9D3B-4DCE-9503-3C7CEBCB42AC}.Debug|x86.Build.0 = Debug|Win32
		{330BE7B2-9D3B-4DCE-9503-3C7CEBCB42AC}.Release|x64.ActiveCfg = Release|x64
		{330BE7B2-9D3B-4DCE-9503-3C7CEBCB42AC}.Release|x64.Build.0 = Release|x64
		{330BE7B2-9D3B-4DCE-9503-3C7CEBCB42AC}.Release|x86.ActiveCfg = Release|Win32
		{330BE7B2-9D3B-4DCE-9503-3C7CEBCB42AC}.Release|x86.Build.0 = Release|Win32
		{544B4ACA-7FBC-42A7-8527-9D203BCB4320}.Debug|x64.ActiveCfg = Debug|x64
		{544B4ACA-7FBC-42A7-8527-9D203BCB4320}.Debug|x64.Build.0 = Debug|x64
		{544B4ACA-7FBC-42A7-8527-9D203BCB4320}.Debug|x86.ActiveCfg = Debug|Win32
		{544B4ACA-7FBC-42A7-8527-9D203BCB4320}.Debug|x86.Build.0 = Debug|Win32
		{544B4ACA-7FBC-42A7-8527-9D203BCB4320}.Release|x64.ActiveCfg = Release|x64
		{544B4ACA-7FBC-42A7-8527-9D203BCB4320}.Release|x64.Build.0 = Release|x64
		{544B4ACA-7FBC-42A7-8527-9D203BCB4320}.Release|x86.ActiveCfg = Release|Win32
		{544B4ACA-7FBC-42A7-8527-9D203BCB4320}.Release|x86.Build.0 = Release|Win32
	EndGlobalSection
	GlobalSection(SolutionProperties) = preSolution
		HideSolutionNode = FALSE
	EndGlobalSection
EndGlobal
