
Microsoft Visual Studio Solution File, Format Version 12.00
# Visual Studio 14
VisualStudioVersion = 14.0.25420.1
MinimumVisualStudioVersion = 10.0.40219.1
Project("{FAE04EC0-301F-11D3-BF4B-00C04F79EFBC}") = "Primjer 01", "Primjer 01\Primjer 01.csproj", "{E51B33EB-024A-4876-B4F3-D45C9DFCEAFB}"
EndProject
Project("{FAE04EC0-301F-11D3-BF4B-00C04F79EFBC}") = "Primjer 02", "Primjer 02\Primjer 02.csproj", "{B25664A6-5880-4228-B720-FBAB75ABAA1F}"
EndProject
Project("{FAE04EC0-301F-11D3-BF4B-00C04F79EFBC}") = "Primjer 03", "Primjer 03\Primjer 03.csproj", "{D60D6229-7073-472F-88C4-C2200E16D1F9}"
EndProject
Global
	GlobalSection(SolutionConfigurationPlatforms) = preSolution
		Debug|Any CPU = Debug|Any CPU
		Release|Any CPU = Release|Any CPU
	EndGlobalSection
	GlobalSection(ProjectConfigurationPlatforms) = postSolution
		{E51B33EB-024A-4876-B4F3-D45C9DFCEAFB}.Debug|Any CPU.ActiveCfg = Debug|Any CPU
		{E51B33EB-024A-4876-B4F3-D45C9DFCEAFB}.Debug|Any CPU.Build.0 = Debug|Any CPU
		{E51B33EB-024A-4876-B4F3-D45C9DFCEAFB}.Release|Any CPU.ActiveCfg = Release|Any CPU
		{E51B33EB-024A-4876-B4F3-D45C9DFCEAFB}.Release|Any CPU.Build.0 = Release|Any CPU
		{B25664A6-5880-4228-B720-FBAB75ABAA1F}.Debug|Any CPU.ActiveCfg = Debug|Any CPU
		{B25664A6-5880-4228-B720-FBAB75ABAA1F}.Debug|Any CPU.Build.0 = Debug|Any CPU
		{B25664A6-5880-4228-B720-FBAB75ABAA1F}.Release|Any CPU.ActiveCfg = Release|Any CPU
		{B25664A6-5880-4228-B720-FBAB75ABAA1F}.Release|Any CPU.Build.0 = Release|Any CPU
		{D60D6229-7073-472F-88C4-C2200E16D1F9}.Debug|Any CPU.ActiveCfg = Debug|Any CPU
		{D60D6229-7073-472F-88C4-C2200E16D1F9}.Debug|Any CPU.Build.0 = Debug|Any CPU
		{D60D6229-7073-472F-88C4-C2200E16D1F9}.Release|Any CPU.ActiveCfg = Release|Any CPU
		{D60D6229-7073-472F-88C4-C2200E16D1F9}.Release|Any CPU.Build.0 = Release|Any CPU
	EndGlobalSection
	GlobalSection(SolutionProperties) = preSolution
		HideSolutionNode = FALSE
	EndGlobalSection
EndGlobal
