
Microsoft Visual Studio Solution File, Format Version 12.00
# Visual Studio 14
VisualStudioVersion = 14.0.25420.1
MinimumVisualStudioVersion = 10.0.40219.1
Project("{FAE04EC0-301F-11D3-BF4B-00C04F79EFBC}") = "Primjer 01", "Primjer 01\Primjer 01.csproj", "{AB0B42DB-0630-4B53-BCE9-706EF0A90CFE}"
EndProject
Project("{FAE04EC0-301F-11D3-BF4B-00C04F79EFBC}") = "Primjer 02", "Primjer 02\Primjer 02.csproj", "{BDBADC3B-5F00-40D4-8320-F04C7854B681}"
EndProject
Project("{FAE04EC0-301F-11D3-BF4B-00C04F79EFBC}") = "Primjer 03", "Primjer 03\Primjer 03.csproj", "{2F2B4CC6-7EDA-4500-84E3-1E39D365B23A}"
EndProject
Project("{FAE04EC0-301F-11D3-BF4B-00C04F79EFBC}") = "Primjer 04", "Primjer 04\Primjer 04.csproj", "{F63A1096-721C-4D1B-AEFD-E8EAE3CFCF4E}"
EndProject
Project("{FAE04EC0-301F-11D3-BF4B-00C04F79EFBC}") = "Primjer 05", "Primjer 05\Primjer 05.csproj", "{AF0E9AF2-28E9-464E-9366-05188EA38BC7}"
EndProject
Global
	GlobalSection(SolutionConfigurationPlatforms) = preSolution
		Debug|Any CPU = Debug|Any CPU
		Release|Any CPU = Release|Any CPU
	EndGlobalSection
	GlobalSection(ProjectConfigurationPlatforms) = postSolution
		{AB0B42DB-0630-4B53-BCE9-706EF0A90CFE}.Debug|Any CPU.ActiveCfg = Debug|Any CPU
		{AB0B42DB-0630-4B53-BCE9-706EF0A90CFE}.Debug|Any CPU.Build.0 = Debug|Any CPU
		{AB0B42DB-0630-4B53-BCE9-706EF0A90CFE}.Release|Any CPU.ActiveCfg = Release|Any CPU
		{AB0B42DB-0630-4B53-BCE9-706EF0A90CFE}.Release|Any CPU.Build.0 = Release|Any CPU
		{BDBADC3B-5F00-40D4-8320-F04C7854B681}.Debug|Any CPU.ActiveCfg = Debug|Any CPU
		{BDBADC3B-5F00-40D4-8320-F04C7854B681}.Debug|Any CPU.Build.0 = Debug|Any CPU
		{BDBADC3B-5F00-40D4-8320-F04C7854B681}.Release|Any CPU.ActiveCfg = Release|Any CPU
		{BDBADC3B-5F00-40D4-8320-F04C7854B681}.Release|Any CPU.Build.0 = Release|Any CPU
		{2F2B4CC6-7EDA-4500-84E3-1E39D365B23A}.Debug|Any CPU.ActiveCfg = Debug|Any CPU
		{2F2B4CC6-7EDA-4500-84E3-1E39D365B23A}.Debug|Any CPU.Build.0 = Debug|Any CPU
		{2F2B4CC6-7EDA-4500-84E3-1E39D365B23A}.Release|Any CPU.ActiveCfg = Release|Any CPU
		{2F2B4CC6-7EDA-4500-84E3-1E39D365B23A}.Release|Any CPU.Build.0 = Release|Any CPU
		{F63A1096-721C-4D1B-AEFD-E8EAE3CFCF4E}.Debug|Any CPU.ActiveCfg = Debug|Any CPU
		{F63A1096-721C-4D1B-AEFD-E8EAE3CFCF4E}.Debug|Any CPU.Build.0 = Debug|Any CPU
		{F63A1096-721C-4D1B-AEFD-E8EAE3CFCF4E}.Release|Any CPU.ActiveCfg = Release|Any CPU
		{F63A1096-721C-4D1B-AEFD-E8EAE3CFCF4E}.Release|Any CPU.Build.0 = Release|Any CPU
		{AF0E9AF2-28E9-464E-9366-05188EA38BC7}.Debug|Any CPU.ActiveCfg = Debug|Any CPU
		{AF0E9AF2-28E9-464E-9366-05188EA38BC7}.Debug|Any CPU.Build.0 = Debug|Any CPU
		{AF0E9AF2-28E9-464E-9366-05188EA38BC7}.Release|Any CPU.ActiveCfg = Release|Any CPU
		{AF0E9AF2-28E9-464E-9366-05188EA38BC7}.Release|Any CPU.Build.0 = Release|Any CPU
	EndGlobalSection
	GlobalSection(SolutionProperties) = preSolution
		HideSolutionNode = FALSE
	EndGlobalSection
EndGlobal
