
Microsoft Visual Studio Solution File, Format Version 12.00
# Visual Studio 14
VisualStudioVersion = 14.0.25420.1
MinimumVisualStudioVersion = 10.0.40219.1
Project("{FAE04EC0-301F-11D3-BF4B-00C04F79EFBC}") = "HelloWorld", "HelloWorld\HelloWorld.csproj", "{1D1F1717-063E-47E0-A74C-5B135B8586C4}"
EndProject
Project("{FAE04EC0-301F-11D3-BF4B-00C04F79EFBC}") = "WinFormHello", "WinFormHello\WinFormHello.csproj", "{55BF4F0F-05EA-47C4-828D-4EA9E84AF704}"
EndProject
Global
	GlobalSection(SolutionConfigurationPlatforms) = preSolution
		Debug|Any CPU = Debug|Any CPU
		Release|Any CPU = Release|Any CPU
	EndGlobalSection
	GlobalSection(ProjectConfigurationPlatforms) = postSolution
		{1D1F1717-063E-47E0-A74C-5B135B8586C4}.Debug|Any CPU.ActiveCfg = Debug|Any CPU
		{1D1F1717-063E-47E0-A74C-5B135B8586C4}.Debug|Any CPU.Build.0 = Debug|Any CPU
		{1D1F1717-063E-47E0-A74C-5B135B8586C4}.Release|Any CPU.ActiveCfg = Release|Any CPU
		{1D1F1717-063E-47E0-A74C-5B135B8586C4}.Release|Any CPU.Build.0 = Release|Any CPU
		{55BF4F0F-05EA-47C4-828D-4EA9E84AF704}.Debug|Any CPU.ActiveCfg = Debug|Any CPU
		{55BF4F0F-05EA-47C4-828D-4EA9E84AF704}.Debug|Any CPU.Build.0 = Debug|Any CPU
		{55BF4F0F-05EA-47C4-828D-4EA9E84AF704}.Release|Any CPU.ActiveCfg = Release|Any CPU
		{55BF4F0F-05EA-47C4-828D-4EA9E84AF704}.Release|Any CPU.Build.0 = Release|Any CPU
	EndGlobalSection
	GlobalSection(SolutionProperties) = preSolution
		HideSolutionNode = FALSE
	EndGlobalSection
EndGlobal
