
Microsoft Visual Studio Solution File, Format Version 12.00
# Visual Studio 14
VisualStudioVersion = 14.0.25420.1
MinimumVisualStudioVersion = 10.0.40219.1
Project("{FAE04EC0-301F-11D3-BF4B-00C04F79EFBC}") = "Primjer 01", "Primjer 01\Primjer 01.csproj", "{E77D6164-2306-4CC8-947E-768666207683}"
EndProject
Project("{FAE04EC0-301F-11D3-BF4B-00C04F79EFBC}") = "Primjer 02", "Primjer 02\Primjer 02.csproj", "{4B4124E4-EEA5-467B-B884-9C9DB4B6623B}"
EndProject
Project("{FAE04EC0-301F-11D3-BF4B-00C04F79EFBC}") = "Primjer 03", "Primjer 03\Primjer 03.csproj", "{CFD23AFD-F631-49A1-AA52-7CF561C894A6}"
EndProject
Project("{FAE04EC0-301F-11D3-BF4B-00C04F79EFBC}") = "Primjer 04", "Primjer 04\Primjer 04.csproj", "{7147C8D7-24F4-43B6-B993-4310C2EEBAC1}"
EndProject
Project("{FAE04EC0-301F-11D3-BF4B-00C04F79EFBC}") = "Primjer 05", "Primjer 05\Primjer 05.csproj", "{AABD3DE1-05DC-4714-AAA0-6E3C428D34BC}"
EndProject
Project("{FAE04EC0-301F-11D3-BF4B-00C04F79EFBC}") = "Primjer 06", "Primjer 06\Primjer 06.csproj", "{3617DFB5-73FF-4CAA-88E1-5D507C6E2EDF}"
EndProject
Global
	GlobalSection(SolutionConfigurationPlatforms) = preSolution
		Debug|Any CPU = Debug|Any CPU
		Release|Any CPU = Release|Any CPU
	EndGlobalSection
	GlobalSection(ProjectConfigurationPlatforms) = postSolution
		{E77D6164-2306-4CC8-947E-768666207683}.Debug|Any CPU.ActiveCfg = Debug|Any CPU
		{E77D6164-2306-4CC8-947E-768666207683}.Debug|Any CPU.Build.0 = Debug|Any CPU
		{E77D6164-2306-4CC8-947E-768666207683}.Release|Any CPU.ActiveCfg = Release|Any CPU
		{E77D6164-2306-4CC8-947E-768666207683}.Release|Any CPU.Build.0 = Release|Any CPU
		{4B4124E4-EEA5-467B-B884-9C9DB4B6623B}.Debug|Any CPU.ActiveCfg = Debug|Any CPU
		{4B4124E4-EEA5-467B-B884-9C9DB4B6623B}.Debug|Any CPU.Build.0 = Debug|Any CPU
		{4B4124E4-EEA5-467B-B884-9C9DB4B6623B}.Release|Any CPU.ActiveCfg = Release|Any CPU
		{4B4124E4-EEA5-467B-B884-9C9DB4B6623B}.Release|Any CPU.Build.0 = Release|Any CPU
		{CFD23AFD-F631-49A1-AA52-7CF561C894A6}.Debug|Any CPU.ActiveCfg = Debug|Any CPU
		{CFD23AFD-F631-49A1-AA52-7CF561C894A6}.Debug|Any CPU.Build.0 = Debug|Any CPU
		{CFD23AFD-F631-49A1-AA52-7CF561C894A6}.Release|Any CPU.ActiveCfg = Release|Any CPU
		{CFD23AFD-F631-49A1-AA52-7CF561C894A6}.Release|Any CPU.Build.0 = Release|Any CPU
		{7147C8D7-24F4-43B6-B993-4310C2EEBAC1}.Debug|Any CPU.ActiveCfg = Debug|Any CPU
		{7147C8D7-24F4-43B6-B993-4310C2EEBAC1}.Debug|Any CPU.Build.0 = Debug|Any CPU
		{7147C8D7-24F4-43B6-B993-4310C2EEBAC1}.Release|Any CPU.ActiveCfg = Release|Any CPU
		{7147C8D7-24F4-43B6-B993-4310C2EEBAC1}.Release|Any CPU.Build.0 = Release|Any CPU
		{AABD3DE1-05DC-4714-AAA0-6E3C428D34BC}.Debug|Any CPU.ActiveCfg = Debug|Any CPU
		{AABD3DE1-05DC-4714-AAA0-6E3C428D34BC}.Debug|Any CPU.Build.0 = Debug|Any CPU
		{AABD3DE1-05DC-4714-AAA0-6E3C428D34BC}.Release|Any CPU.ActiveCfg = Release|Any CPU
		{AABD3DE1-05DC-4714-AAA0-6E3C428D34BC}.Release|Any CPU.Build.0 = Release|Any CPU
		{3617DFB5-73FF-4CAA-88E1-5D507C6E2EDF}.Debug|Any CPU.ActiveCfg = Debug|Any CPU
		{3617DFB5-73FF-4CAA-88E1-5D507C6E2EDF}.Debug|Any CPU.Build.0 = Debug|Any CPU
		{3617DFB5-73FF-4CAA-88E1-5D507C6E2EDF}.Release|Any CPU.ActiveCfg = Release|Any CPU
		{3617DFB5-73FF-4CAA-88E1-5D507C6E2EDF}.Release|Any CPU.Build.0 = Release|Any CPU
	EndGlobalSection
	GlobalSection(SolutionProperties) = preSolution
		HideSolutionNode = FALSE
	EndGlobalSection
EndGlobal
