
Microsoft Visual Studio Solution File, Format Version 12.00
# Visual Studio 14
VisualStudioVersion = 14.0.25420.1
MinimumVisualStudioVersion = 10.0.40219.1
Project("{FAE04EC0-301F-11D3-BF4B-00C04F79EFBC}") = "Primjer 01", "Primjer 01\Primjer 01.csproj", "{35E7F613-771F-4CC8-8014-0164F9DEEFD5}"
EndProject
Project("{FAE04EC0-301F-11D3-BF4B-00C04F79EFBC}") = "Primjer 02", "Primjer 02\Primjer 02.csproj", "{5118E1FC-9460-43FA-8E2C-A58DBDD39F24}"
EndProject
Project("{FAE04EC0-301F-11D3-BF4B-00C04F79EFBC}") = "Primjer 03", "Primjer 03\Primjer 03.csproj", "{955E7417-06B7-49D5-BD47-E20E3D66AACB}"
EndProject
Project("{FAE04EC0-301F-11D3-BF4B-00C04F79EFBC}") = "Primjer 04", "Primjer 04\Primjer 04.csproj", "{EBAC48D7-C1BD-4107-BBF2-2033B2AD6233}"
EndProject
Project("{FAE04EC0-301F-11D3-BF4B-00C04F79EFBC}") = "Primjer 05", "Primjer 05\Primjer 05.csproj", "{048C0E31-B384-429E-BF42-F1A186726D7F}"
EndProject
Global
	GlobalSection(SolutionConfigurationPlatforms) = preSolution
		Debug|Any CPU = Debug|Any CPU
		Release|Any CPU = Release|Any CPU
	EndGlobalSection
	GlobalSection(ProjectConfigurationPlatforms) = postSolution
		{35E7F613-771F-4CC8-8014-0164F9DEEFD5}.Debug|Any CPU.ActiveCfg = Debug|Any CPU
		{35E7F613-771F-4CC8-8014-0164F9DEEFD5}.Debug|Any CPU.Build.0 = Debug|Any CPU
		{35E7F613-771F-4CC8-8014-0164F9DEEFD5}.Release|Any CPU.ActiveCfg = Release|Any CPU
		{35E7F613-771F-4CC8-8014-0164F9DEEFD5}.Release|Any CPU.Build.0 = Release|Any CPU
		{5118E1FC-9460-43FA-8E2C-A58DBDD39F24}.Debug|Any CPU.ActiveCfg = Debug|Any CPU
		{5118E1FC-9460-43FA-8E2C-A58DBDD39F24}.Debug|Any CPU.Build.0 = Debug|Any CPU
		{5118E1FC-9460-43FA-8E2C-A58DBDD39F24}.Release|Any CPU.ActiveCfg = Release|Any CPU
		{5118E1FC-9460-43FA-8E2C-A58DBDD39F24}.Release|Any CPU.Build.0 = Release|Any CPU
		{955E7417-06B7-49D5-BD47-E20E3D66AACB}.Debug|Any CPU.ActiveCfg = Debug|Any CPU
		{955E7417-06B7-49D5-BD47-E20E3D66AACB}.Debug|Any CPU.Build.0 = Debug|Any CPU
		{955E7417-06B7-49D5-BD47-E20E3D66AACB}.Release|Any CPU.ActiveCfg = Release|Any CPU
		{955E7417-06B7-49D5-BD47-E20E3D66AACB}.Release|Any CPU.Build.0 = Release|Any CPU
		{EBAC48D7-C1BD-4107-BBF2-2033B2AD6233}.Debug|Any CPU.ActiveCfg = Debug|Any CPU
		{EBAC48D7-C1BD-4107-BBF2-2033B2AD6233}.Debug|Any CPU.Build.0 = Debug|Any CPU
		{EBAC48D7-C1BD-4107-BBF2-2033B2AD6233}.Release|Any CPU.ActiveCfg = Release|Any CPU
		{EBAC48D7-C1BD-4107-BBF2-2033B2AD6233}.Release|Any CPU.Build.0 = Release|Any CPU
		{048C0E31-B384-429E-BF42-F1A186726D7F}.Debug|Any CPU.ActiveCfg = Debug|Any CPU
		{048C0E31-B384-429E-BF42-F1A186726D7F}.Debug|Any CPU.Build.0 = Debug|Any CPU
		{048C0E31-B384-429E-BF42-F1A186726D7F}.Release|Any CPU.ActiveCfg = Release|Any CPU
		{048C0E31-B384-429E-BF42-F1A186726D7F}.Release|Any CPU.Build.0 = Release|Any CPU
	EndGlobalSection
	GlobalSection(SolutionProperties) = preSolution
		HideSolutionNode = FALSE
	EndGlobalSection
EndGlobal
